// !$*UTF8*$!
{
	archiveVersion = 1;
	classes = {
	};
	objectVersion = 46;
	objects = {

/* Begin PBXAggregateTarget section */
		4739BC181800C741004A6500 /* Mogenerator */ = {
			isa = PBXAggregateTarget;
			buildConfigurationList = 4739BC191800C741004A6500 /* Build configuration list for PBXAggregateTarget "Mogenerator" */;
			buildPhases = (
				4739BC1C1800C74B004A6500 /* ShellScript */,
			);
			dependencies = (
			);
			name = Mogenerator;
			productName = Mogenerator;
		};
/* End PBXAggregateTarget section */

/* Begin PBXBuildFile section */
		4739BB7017FD444D004A6500 /* PMListingsViewController.m in Sources */ = {isa = PBXBuildFile; fileRef = 4739BB6F17FD444D004A6500 /* PMListingsViewController.m */; };
		4739BB7317FD531D004A6500 /* PMListingCell.m in Sources */ = {isa = PBXBuildFile; fileRef = 4739BB7217FD531D004A6500 /* PMListingCell.m */; };
		4739BBC217FFD5B6004A6500 /* PMPostListingViewController.m in Sources */ = {isa = PBXBuildFile; fileRef = 4739BBC117FFD5B6004A6500 /* PMPostListingViewController.m */; };
		4739BBCB17FFDB62004A6500 /* PMTitleCell.m in Sources */ = {isa = PBXBuildFile; fileRef = 4739BBCA17FFDB62004A6500 /* PMTitleCell.m */; };
		4739BBCE17FFDE57004A6500 /* PMCategoryCell.m in Sources */ = {isa = PBXBuildFile; fileRef = 4739BBCD17FFDE57004A6500 /* PMCategoryCell.m */; };
		4739BBD117FFE1D2004A6500 /* PMCell.m in Sources */ = {isa = PBXBuildFile; fileRef = 4739BBD017FFE1D2004A6500 /* PMCell.m */; };
		4739BBDF17FFF897004A6500 /* Prospeqt_mobile-Info.plist in Resources */ = {isa = PBXBuildFile; fileRef = 47BBD7BB17D40E630050814D /* Prospeqt_mobile-Info.plist */; };
		4739BBEA18000C21004A6500 /* PMAddPhotoViewController.m in Sources */ = {isa = PBXBuildFile; fileRef = 4739BBE918000C21004A6500 /* PMAddPhotoViewController.m */; };
		4739BC331800CB50004A6500 /* _PMListing.m in Sources */ = {isa = PBXBuildFile; fileRef = 4739BC2C1800CB50004A6500 /* _PMListing.m */; };
		4739BC341800CB50004A6500 /* _PMUser.m in Sources */ = {isa = PBXBuildFile; fileRef = 4739BC2E1800CB50004A6500 /* _PMUser.m */; };
		4739BC351800CB50004A6500 /* PMListing.m in Sources */ = {isa = PBXBuildFile; fileRef = 4739BC301800CB50004A6500 /* PMListing.m */; };
		4739BC361800CB50004A6500 /* PMUser.m in Sources */ = {isa = PBXBuildFile; fileRef = 4739BC321800CB50004A6500 /* PMUser.m */; };
		4739BC5D1800CD6A004A6500 /* apparel_icon.png in Resources */ = {isa = PBXBuildFile; fileRef = 4739BC381800CD6A004A6500 /* apparel_icon.png */; };
		4739BC5E1800CD6A004A6500 /* apparel_icon@2x.png in Resources */ = {isa = PBXBuildFile; fileRef = 4739BC391800CD6A004A6500 /* apparel_icon@2x.png */; };
		4739BC5F1800CD6A004A6500 /* Back_Arrow.png in Resources */ = {isa = PBXBuildFile; fileRef = 4739BC3A1800CD6A004A6500 /* Back_Arrow.png */; };
		4739BC601800CD6A004A6500 /* Back_Arrow@2x.png in Resources */ = {isa = PBXBuildFile; fileRef = 4739BC3B1800CD6A004A6500 /* Back_Arrow@2x.png */; };
		4739BC611800CD6A004A6500 /* books_icon.png in Resources */ = {isa = PBXBuildFile; fileRef = 4739BC3C1800CD6A004A6500 /* books_icon.png */; };
		4739BC621800CD6A004A6500 /* books_icon@2x.png in Resources */ = {isa = PBXBuildFile; fileRef = 4739BC3D1800CD6A004A6500 /* books_icon@2x.png */; };
		4739BC631800CD6A004A6500 /* Default-568h@2x.png in Resources */ = {isa = PBXBuildFile; fileRef = 4739BC3E1800CD6A004A6500 /* Default-568h@2x.png */; };
		4739BC641800CD6A004A6500 /* Default.png in Resources */ = {isa = PBXBuildFile; fileRef = 4739BC3F1800CD6A004A6500 /* Default.png */; };
		4739BC651800CD6A004A6500 /* electronics_icon.png in Resources */ = {isa = PBXBuildFile; fileRef = 4739BC401800CD6A004A6500 /* electronics_icon.png */; };
		4739BC661800CD6A004A6500 /* electronics_icon@2x.png in Resources */ = {isa = PBXBuildFile; fileRef = 4739BC411800CD6A004A6500 /* electronics_icon@2x.png */; };
		4739BC671800CD6A004A6500 /* healthbeauty_icon.png in Resources */ = {isa = PBXBuildFile; fileRef = 4739BC421800CD6A004A6500 /* healthbeauty_icon.png */; };
		4739BC681800CD6A004A6500 /* healthbeauty_icon@2x.png in Resources */ = {isa = PBXBuildFile; fileRef = 4739BC431800CD6A004A6500 /* healthbeauty_icon@2x.png */; };
		4739BC691800CD6A004A6500 /* home_icon.png in Resources */ = {isa = PBXBuildFile; fileRef = 4739BC441800CD6A004A6500 /* home_icon.png */; };
		4739BC6A1800CD6A004A6500 /* home_icon@2x.png in Resources */ = {isa = PBXBuildFile; fileRef = 4739BC451800CD6A004A6500 /* home_icon@2x.png */; };
		4739BC6B1800CD6A004A6500 /* interestshobbies_icon.png in Resources */ = {isa = PBXBuildFile; fileRef = 4739BC461800CD6A004A6500 /* interestshobbies_icon.png */; };
		4739BC6C1800CD6A004A6500 /* interestshobbies_icon@2x.png in Resources */ = {isa = PBXBuildFile; fileRef = 4739BC471800CD6A004A6500 /* interestshobbies_icon@2x.png */; };
		4739BC6D1800CD6A004A6500 /* Inbox_Icon_active.png in Resources */ = {isa = PBXBuildFile; fileRef = 4739BC491800CD6A004A6500 /* Inbox_Icon_active.png */; };
		4739BC6E1800CD6A004A6500 /* Inbox_Icon_active@2x.png in Resources */ = {isa = PBXBuildFile; fileRef = 4739BC4A1800CD6A004A6500 /* Inbox_Icon_active@2x.png */; };
		4739BC6F1800CD6A004A6500 /* Inbox_Icon_Inactive.png in Resources */ = {isa = PBXBuildFile; fileRef = 4739BC4B1800CD6A004A6500 /* Inbox_Icon_Inactive.png */; };
		4739BC701800CD6A004A6500 /* Inbox_Icon_Inactive@2x.png in Resources */ = {isa = PBXBuildFile; fileRef = 4739BC4C1800CD6A004A6500 /* Inbox_Icon_Inactive@2x.png */; };
		4739BC711800CD6A004A6500 /* Listings_Icon_active.png in Resources */ = {isa = PBXBuildFile; fileRef = 4739BC4D1800CD6A004A6500 /* Listings_Icon_active.png */; };
		4739BC721800CD6A004A6500 /* Listings_Icon_active@2x.png in Resources */ = {isa = PBXBuildFile; fileRef = 4739BC4E1800CD6A004A6500 /* Listings_Icon_active@2x.png */; };
		4739BC731800CD6A004A6500 /* Listings_Icon_Inactive.png in Resources */ = {isa = PBXBuildFile; fileRef = 4739BC4F1800CD6A004A6500 /* Listings_Icon_Inactive.png */; };
		4739BC741800CD6A004A6500 /* Listings_Icon_Inactive@2x.png in Resources */ = {isa = PBXBuildFile; fileRef = 4739BC501800CD6A004A6500 /* Listings_Icon_Inactive@2x.png */; };
		4739BC751800CD6A004A6500 /* PostAListing_Icon_active.png in Resources */ = {isa = PBXBuildFile; fileRef = 4739BC511800CD6A004A6500 /* PostAListing_Icon_active.png */; };
		4739BC761800CD6A004A6500 /* PostAListing_Icon_active@2x.png in Resources */ = {isa = PBXBuildFile; fileRef = 4739BC521800CD6A004A6500 /* PostAListing_Icon_active@2x.png */; };
		4739BC771800CD6A004A6500 /* PostAListing_Icon_Inactive.png in Resources */ = {isa = PBXBuildFile; fileRef = 4739BC531800CD6A004A6500 /* PostAListing_Icon_Inactive.png */; };
		4739BC781800CD6A004A6500 /* PostAListing_Icon_Inactive@2x.png in Resources */ = {isa = PBXBuildFile; fileRef = 4739BC541800CD6A004A6500 /* PostAListing_Icon_Inactive@2x.png */; };
		4739BC791800CD6A004A6500 /* Profile_Icon_active.png in Resources */ = {isa = PBXBuildFile; fileRef = 4739BC551800CD6A004A6500 /* Profile_Icon_active.png */; };
		4739BC7A1800CD6A004A6500 /* Profile_Icon_active@2x.png in Resources */ = {isa = PBXBuildFile; fileRef = 4739BC561800CD6A004A6500 /* Profile_Icon_active@2x.png */; };
		4739BC7B1800CD6A004A6500 /* Profile_Icon_Inactive.png in Resources */ = {isa = PBXBuildFile; fileRef = 4739BC571800CD6A004A6500 /* Profile_Icon_Inactive.png */; };
		4739BC7C1800CD6A004A6500 /* Profile_Icon_Inactive@2x.png in Resources */ = {isa = PBXBuildFile; fileRef = 4739BC581800CD6A004A6500 /* Profile_Icon_Inactive@2x.png */; };
		4739BC7D1800CD6A004A6500 /* Settings_Icon_active.png in Resources */ = {isa = PBXBuildFile; fileRef = 4739BC591800CD6A004A6500 /* Settings_Icon_active.png */; };
		4739BC7E1800CD6A004A6500 /* Settings_Icon_active@2x.png in Resources */ = {isa = PBXBuildFile; fileRef = 4739BC5A1800CD6A004A6500 /* Settings_Icon_active@2x.png */; };
		4739BC7F1800CD6A004A6500 /* Settings_Icon_Inactive.png in Resources */ = {isa = PBXBuildFile; fileRef = 4739BC5B1800CD6A004A6500 /* Settings_Icon_Inactive.png */; };
		4739BC801800CD6A004A6500 /* Settings_Icon_Inactive@2x.png in Resources */ = {isa = PBXBuildFile; fileRef = 4739BC5C1800CD6A004A6500 /* Settings_Icon_Inactive@2x.png */; };
		4739BC8F1800D853004A6500 /* UIColor+PMAppearance.m in Sources */ = {isa = PBXBuildFile; fileRef = 4739BC8A1800D853004A6500 /* UIColor+PMAppearance.m */; };
		4739BC901800D853004A6500 /* UIFont+PMAppearance.m in Sources */ = {isa = PBXBuildFile; fileRef = 4739BC8C1800D853004A6500 /* UIFont+PMAppearance.m */; };
		4739BC911800D853004A6500 /* UIImage+PMColor.m in Sources */ = {isa = PBXBuildFile; fileRef = 4739BC8E1800D853004A6500 /* UIImage+PMColor.m */; };
		4739BC941800D87B004A6500 /* NSManagedObjectModel+PMDataStack.m in Sources */ = {isa = PBXBuildFile; fileRef = 4739BC931800D87B004A6500 /* NSManagedObjectModel+PMDataStack.m */; };
		4739BCAE1800FACB004A6500 /* CFNetwork.framework in Frameworks */ = {isa = PBXBuildFile; fileRef = 4739BCAD1800FACB004A6500 /* CFNetwork.framework */; };
		4739BCB01800FB01004A6500 /* MobileCoreServices.framework in Frameworks */ = {isa = PBXBuildFile; fileRef = 4739BCAF1800FB01004A6500 /* MobileCoreServices.framework */; };
		4739BCB21800FB06004A6500 /* Security.framework in Frameworks */ = {isa = PBXBuildFile; fileRef = 4739BCB11800FB06004A6500 /* Security.framework */; };
		4739BCB41800FB0C004A6500 /* SystemConfiguration.framework in Frameworks */ = {isa = PBXBuildFile; fileRef = 4739BCB31800FB0C004A6500 /* SystemConfiguration.framework */; };
		4739BCC61801099B004A6500 /* libRestKit.a in Frameworks */ = {isa = PBXBuildFile; fileRef = 4739BCBD18010802004A6500 /* libRestKit.a */; };
		473D64A418013DA0001B8279 /* NSPersistentStoreCoordinator+PMDataStack.m in Sources */ = {isa = PBXBuildFile; fileRef = 473D64A318013DA0001B8279 /* NSPersistentStoreCoordinator+PMDataStack.m */; };
		473D64AA18013F87001B8279 /* NSManagedObjectContext+PMDataStack.m in Sources */ = {isa = PBXBuildFile; fileRef = 473D64A918013F87001B8279 /* NSManagedObjectContext+PMDataStack.m */; };
		473D64AD18021816001B8279 /* PMObjectManager.m in Sources */ = {isa = PBXBuildFile; fileRef = 473D64AC18021816001B8279 /* PMObjectManager.m */; };
		473D64AF180279B0001B8279 /* CaeciliaLTStd-Roman.otf in Resources */ = {isa = PBXBuildFile; fileRef = 4739BC821800CD79004A6500 /* CaeciliaLTStd-Roman.otf */; };
		473D64B3180279B3001B8279 /* Futura_Extended.otf in Resources */ = {isa = PBXBuildFile; fileRef = 4739BC831800CD79004A6500 /* Futura_Extended.otf */; };
		473D64B4180279B6001B8279 /* Futura_Light.otf in Resources */ = {isa = PBXBuildFile; fileRef = 4739BC841800CD79004A6500 /* Futura_Light.otf */; };
		473D64B5180279B8001B8279 /* CaeciliaLTStd-Light.otf in Resources */ = {isa = PBXBuildFile; fileRef = 4739BC811800CD79004A6500 /* CaeciliaLTStd-Light.otf */; };
		474C9A6617E574F60072012C /* PMProfileViewController.m in Sources */ = {isa = PBXBuildFile; fileRef = 474C9A6517E574F60072012C /* PMProfileViewController.m */; };
		474C9A6917E575070072012C /* PMMessagesViewController.m in Sources */ = {isa = PBXBuildFile; fileRef = 474C9A6817E575070072012C /* PMMessagesViewController.m */; };
		474C9A6C17E5751A0072012C /* PMSettingsViewController.m in Sources */ = {isa = PBXBuildFile; fileRef = 474C9A6B17E5751A0072012C /* PMSettingsViewController.m */; };
		474C9A7217E5762A0072012C /* PMBaseViewController.m in Sources */ = {isa = PBXBuildFile; fileRef = 474C9A7117E5762A0072012C /* PMBaseViewController.m */; };
		474C9A7817E576DA0072012C /* PMEnvironment.m in Sources */ = {isa = PBXBuildFile; fileRef = 474C9A7717E576DA0072012C /* PMEnvironment.m */; };
		474C9A7B17E5773B0072012C /* PMAppearance.m in Sources */ = {isa = PBXBuildFile; fileRef = 474C9A7A17E5773B0072012C /* PMAppearance.m */; };
		478786C617E6A35B004CCE04 /* Localizable.strings in Resources */ = {isa = PBXBuildFile; fileRef = 478786C517E6A35B004CCE04 /* Localizable.strings */; };
		478786CA17E6AFBB004CCE04 /* PMAuthViewController.m in Sources */ = {isa = PBXBuildFile; fileRef = 478786C917E6AFBB004CCE04 /* PMAuthViewController.m */; };
		478786CD17E6AFF7004CCE04 /* PMSignInViewController.m in Sources */ = {isa = PBXBuildFile; fileRef = 478786CC17E6AFF7004CCE04 /* PMSignInViewController.m */; };
		478786D017E6B000004CCE04 /* PMSignUpViewController.m in Sources */ = {isa = PBXBuildFile; fileRef = 478786CF17E6B000004CCE04 /* PMSignUpViewController.m */; };
		478786D317E6B02C004CCE04 /* PMForgotPasswordViewController.m in Sources */ = {isa = PBXBuildFile; fileRef = 478786D217E6B02C004CCE04 /* PMForgotPasswordViewController.m */; };
		478786D617E6B034004CCE04 /* PMTermsOfServiceViewController.m in Sources */ = {isa = PBXBuildFile; fileRef = 478786D517E6B034004CCE04 /* PMTermsOfServiceViewController.m */; };
		478786D917E6BD30004CCE04 /* PMAuthNavigationController.m in Sources */ = {isa = PBXBuildFile; fileRef = 478786D817E6BD30004CCE04 /* PMAuthNavigationController.m */; };
		47A5065B18095A1600243BE6 /* RoundedCornerThumbnail_Border.png in Resources */ = {isa = PBXBuildFile; fileRef = 47A5065718095A1600243BE6 /* RoundedCornerThumbnail_Border.png */; };
		47A5065C18095A1600243BE6 /* RoundedCornerThumbnail_Border@2x.png in Resources */ = {isa = PBXBuildFile; fileRef = 47A5065818095A1600243BE6 /* RoundedCornerThumbnail_Border@2x.png */; };
		47A5065D18095A1600243BE6 /* RoundedCornerThumbnail_Mask.png in Resources */ = {isa = PBXBuildFile; fileRef = 47A5065918095A1600243BE6 /* RoundedCornerThumbnail_Mask.png */; };
		47A5065E18095A1600243BE6 /* RoundedCornerThumbnail_Mask@2x.png in Resources */ = {isa = PBXBuildFile; fileRef = 47A5065A18095A1600243BE6 /* RoundedCornerThumbnail_Mask@2x.png */; };
		47A5066118095A2800243BE6 /* RedNotificationBubble.png in Resources */ = {isa = PBXBuildFile; fileRef = 47A5065F18095A2800243BE6 /* RedNotificationBubble.png */; };
		47A5066218095A2800243BE6 /* RedNotificationBubble@2x.png in Resources */ = {isa = PBXBuildFile; fileRef = 47A5066018095A2800243BE6 /* RedNotificationBubble@2x.png */; };
		47A50667180967FA00243BE6 /* PMManageListingViewController.m in Sources */ = {isa = PBXBuildFile; fileRef = 47A50666180967FA00243BE6 /* PMManageListingViewController.m */; };
		47A5066A18096F3000243BE6 /* LocationPin.png in Resources */ = {isa = PBXBuildFile; fileRef = 47A5066818096F3000243BE6 /* LocationPin.png */; };
		47A5066B18096F3000243BE6 /* LocationPin@2x.png in Resources */ = {isa = PBXBuildFile; fileRef = 47A5066918096F3000243BE6 /* LocationPin@2x.png */; };
		47A5066E180A7BE400243BE6 /* PMButton.m in Sources */ = {isa = PBXBuildFile; fileRef = 47A5066D180A7BE400243BE6 /* PMButton.m */; };
		47A50671180A7D3400243BE6 /* UIButton+PMAppearance.m in Sources */ = {isa = PBXBuildFile; fileRef = 47A50670180A7D3400243BE6 /* UIButton+PMAppearance.m */; };
		47BBD7B217D40E630050814D /* UIKit.framework in Frameworks */ = {isa = PBXBuildFile; fileRef = 47BBD7B117D40E630050814D /* UIKit.framework */; };
		47BBD7B417D40E630050814D /* Foundation.framework in Frameworks */ = {isa = PBXBuildFile; fileRef = 47BBD7B317D40E630050814D /* Foundation.framework */; };
		47BBD7B617D40E630050814D /* CoreGraphics.framework in Frameworks */ = {isa = PBXBuildFile; fileRef = 47BBD7B517D40E630050814D /* CoreGraphics.framework */; };
		47BBD7B817D40E630050814D /* CoreData.framework in Frameworks */ = {isa = PBXBuildFile; fileRef = 47BBD7B717D40E630050814D /* CoreData.framework */; };
		47BBD7BE17D40E630050814D /* InfoPlist.strings in Resources */ = {isa = PBXBuildFile; fileRef = 47BBD7BC17D40E630050814D /* InfoPlist.strings */; };
		47BBD7C017D40E630050814D /* main.m in Sources */ = {isa = PBXBuildFile; fileRef = 47BBD7BF17D40E630050814D /* main.m */; };
		47BBD7C417D40E630050814D /* PMAppDelegate.m in Sources */ = {isa = PBXBuildFile; fileRef = 47BBD7C317D40E630050814D /* PMAppDelegate.m */; };
		47BBD7CD17D40E630050814D /* Prospeqt_mobile.xcdatamodeld in Sources */ = {isa = PBXBuildFile; fileRef = 47BBD7CB17D40E630050814D /* Prospeqt_mobile.xcdatamodeld */; };
		47BBD7D517D40E630050814D /* SenTestingKit.framework in Frameworks */ = {isa = PBXBuildFile; fileRef = 47BBD7D417D40E630050814D /* SenTestingKit.framework */; };
		47BBD7D617D40E630050814D /* UIKit.framework in Frameworks */ = {isa = PBXBuildFile; fileRef = 47BBD7B117D40E630050814D /* UIKit.framework */; };
		47BBD7D717D40E630050814D /* Foundation.framework in Frameworks */ = {isa = PBXBuildFile; fileRef = 47BBD7B317D40E630050814D /* Foundation.framework */; };
		47BBD7D817D40E630050814D /* CoreData.framework in Frameworks */ = {isa = PBXBuildFile; fileRef = 47BBD7B717D40E630050814D /* CoreData.framework */; };
		47BBD7E017D40E630050814D /* InfoPlist.strings in Resources */ = {isa = PBXBuildFile; fileRef = 47BBD7DE17D40E630050814D /* InfoPlist.strings */; };
		47BBD7E317D40E630050814D /* Prospeqt_mobileTests.m in Sources */ = {isa = PBXBuildFile; fileRef = 47BBD7E217D40E630050814D /* Prospeqt_mobileTests.m */; };
		47BBD7F117D423440050814D /* PMNetworkController.m in Sources */ = {isa = PBXBuildFile; fileRef = 47BBD7F017D423440050814D /* PMNetworkController.m */; };
		47BBD7F717D424940050814D /* PMAPIEnvironment.m in Sources */ = {isa = PBXBuildFile; fileRef = 47BBD7F617D424940050814D /* PMAPIEnvironment.m */; };
		47BBD80017E191AE0050814D /* PMWindowController.m in Sources */ = {isa = PBXBuildFile; fileRef = 47BBD7FF17E191AE0050814D /* PMWindowController.m */; };
/* End PBXBuildFile section */

/* Begin PBXContainerItemProxy section */
		4739BCBC18010802004A6500 /* PBXContainerItemProxy */ = {
			isa = PBXContainerItemProxy;
			containerPortal = 4739BCB518010801004A6500 /* RestKit.xcodeproj */;
			proxyType = 2;
			remoteGlobalIDString = 25160D1614564E810060A5C5;
			remoteInfo = RestKit;
		};
		4739BCBE18010802004A6500 /* PBXContainerItemProxy */ = {
			isa = PBXContainerItemProxy;
			containerPortal = 4739BCB518010801004A6500 /* RestKit.xcodeproj */;
			proxyType = 2;
			remoteGlobalIDString = 25160D2614564E820060A5C5;
			remoteInfo = RestKitTests;
		};
		4739BCC018010802004A6500 /* PBXContainerItemProxy */ = {
			isa = PBXContainerItemProxy;
			containerPortal = 4739BCB518010801004A6500 /* RestKit.xcodeproj */;
			proxyType = 2;
			remoteGlobalIDString = 25160E62145651060060A5C5;
			remoteInfo = RestKitFramework;
		};
		4739BCC218010802004A6500 /* PBXContainerItemProxy */ = {
			isa = PBXContainerItemProxy;
			containerPortal = 4739BCB518010801004A6500 /* RestKit.xcodeproj */;
			proxyType = 2;
			remoteGlobalIDString = 25160E78145651060060A5C5;
			remoteInfo = RestKitFrameworkTests;
		};
		4739BCC418010996004A6500 /* PBXContainerItemProxy */ = {
			isa = PBXContainerItemProxy;
			containerPortal = 4739BCB518010801004A6500 /* RestKit.xcodeproj */;
			proxyType = 1;
			remoteGlobalIDString = 25160D1514564E810060A5C5;
			remoteInfo = RestKit;
		};
		47BBD7D917D40E630050814D /* PBXContainerItemProxy */ = {
			isa = PBXContainerItemProxy;
			containerPortal = 47BBD7A617D40E630050814D /* Project object */;
			proxyType = 1;
			remoteGlobalIDString = 47BBD7AD17D40E630050814D;
			remoteInfo = Prospeqt_mobile;
		};
/* End PBXContainerItemProxy section */

/* Begin PBXFileReference section */
		4739BB6E17FD444D004A6500 /* PMListingsViewController.h */ = {isa = PBXFileReference; fileEncoding = 4; lastKnownFileType = sourcecode.c.h; path = PMListingsViewController.h; sourceTree = "<group>"; };
		4739BB6F17FD444D004A6500 /* PMListingsViewController.m */ = {isa = PBXFileReference; fileEncoding = 4; lastKnownFileType = sourcecode.c.objc; path = PMListingsViewController.m; sourceTree = "<group>"; };
		4739BB7117FD531D004A6500 /* PMListingCell.h */ = {isa = PBXFileReference; fileEncoding = 4; lastKnownFileType = sourcecode.c.h; path = PMListingCell.h; sourceTree = "<group>"; };
		4739BB7217FD531D004A6500 /* PMListingCell.m */ = {isa = PBXFileReference; fileEncoding = 4; lastKnownFileType = sourcecode.c.objc; path = PMListingCell.m; sourceTree = "<group>"; };
		4739BBC017FFD5B6004A6500 /* PMPostListingViewController.h */ = {isa = PBXFileReference; fileEncoding = 4; lastKnownFileType = sourcecode.c.h; path = PMPostListingViewController.h; sourceTree = "<group>"; };
		4739BBC117FFD5B6004A6500 /* PMPostListingViewController.m */ = {isa = PBXFileReference; fileEncoding = 4; lastKnownFileType = sourcecode.c.objc; path = PMPostListingViewController.m; sourceTree = "<group>"; };
		4739BBC917FFDB62004A6500 /* PMTitleCell.h */ = {isa = PBXFileReference; fileEncoding = 4; lastKnownFileType = sourcecode.c.h; path = PMTitleCell.h; sourceTree = "<group>"; };
		4739BBCA17FFDB62004A6500 /* PMTitleCell.m */ = {isa = PBXFileReference; fileEncoding = 4; lastKnownFileType = sourcecode.c.objc; path = PMTitleCell.m; sourceTree = "<group>"; };
		4739BBCC17FFDE57004A6500 /* PMCategoryCell.h */ = {isa = PBXFileReference; fileEncoding = 4; lastKnownFileType = sourcecode.c.h; path = PMCategoryCell.h; sourceTree = "<group>"; };
		4739BBCD17FFDE57004A6500 /* PMCategoryCell.m */ = {isa = PBXFileReference; fileEncoding = 4; lastKnownFileType = sourcecode.c.objc; path = PMCategoryCell.m; sourceTree = "<group>"; };
		4739BBCF17FFE1D2004A6500 /* PMCell.h */ = {isa = PBXFileReference; fileEncoding = 4; lastKnownFileType = sourcecode.c.h; path = PMCell.h; sourceTree = "<group>"; };
		4739BBD017FFE1D2004A6500 /* PMCell.m */ = {isa = PBXFileReference; fileEncoding = 4; lastKnownFileType = sourcecode.c.objc; path = PMCell.m; sourceTree = "<group>"; };
		4739BBE818000C21004A6500 /* PMAddPhotoViewController.h */ = {isa = PBXFileReference; fileEncoding = 4; lastKnownFileType = sourcecode.c.h; path = PMAddPhotoViewController.h; sourceTree = "<group>"; };
		4739BBE918000C21004A6500 /* PMAddPhotoViewController.m */ = {isa = PBXFileReference; fileEncoding = 4; lastKnownFileType = sourcecode.c.objc; path = PMAddPhotoViewController.m; sourceTree = "<group>"; };
		4739BC071800BDE7004A6500 /* Prospeqt_mobile 2.xcdatamodel */ = {isa = PBXFileReference; lastKnownFileType = wrapper.xcdatamodel; path = "Prospeqt_mobile 2.xcdatamodel"; sourceTree = "<group>"; };
		4739BC2B1800CB50004A6500 /* _PMListing.h */ = {isa = PBXFileReference; fileEncoding = 4; lastKnownFileType = sourcecode.c.h; path = _PMListing.h; sourceTree = "<group>"; };
		4739BC2C1800CB50004A6500 /* _PMListing.m */ = {isa = PBXFileReference; fileEncoding = 4; lastKnownFileType = sourcecode.c.objc; path = _PMListing.m; sourceTree = "<group>"; };
		4739BC2D1800CB50004A6500 /* _PMUser.h */ = {isa = PBXFileReference; fileEncoding = 4; lastKnownFileType = sourcecode.c.h; path = _PMUser.h; sourceTree = "<group>"; };
		4739BC2E1800CB50004A6500 /* _PMUser.m */ = {isa = PBXFileReference; fileEncoding = 4; lastKnownFileType = sourcecode.c.objc; path = _PMUser.m; sourceTree = "<group>"; };
		4739BC2F1800CB50004A6500 /* PMListing.h */ = {isa = PBXFileReference; fileEncoding = 4; lastKnownFileType = sourcecode.c.h; name = PMListing.h; path = Model/Machine/PMListing.h; sourceTree = "<group>"; };
		4739BC301800CB50004A6500 /* PMListing.m */ = {isa = PBXFileReference; fileEncoding = 4; lastKnownFileType = sourcecode.c.objc; name = PMListing.m; path = Model/Machine/PMListing.m; sourceTree = "<group>"; };
		4739BC311800CB50004A6500 /* PMUser.h */ = {isa = PBXFileReference; fileEncoding = 4; lastKnownFileType = sourcecode.c.h; name = PMUser.h; path = Model/Machine/PMUser.h; sourceTree = "<group>"; };
		4739BC321800CB50004A6500 /* PMUser.m */ = {isa = PBXFileReference; fileEncoding = 4; lastKnownFileType = sourcecode.c.objc; name = PMUser.m; path = Model/Machine/PMUser.m; sourceTree = "<group>"; };
		4739BC381800CD6A004A6500 /* apparel_icon.png */ = {isa = PBXFileReference; lastKnownFileType = image.png; path = apparel_icon.png; sourceTree = "<group>"; };
		4739BC391800CD6A004A6500 /* apparel_icon@2x.png */ = {isa = PBXFileReference; lastKnownFileType = image.png; path = "apparel_icon@2x.png"; sourceTree = "<group>"; };
		4739BC3A1800CD6A004A6500 /* Back_Arrow.png */ = {isa = PBXFileReference; lastKnownFileType = image.png; path = Back_Arrow.png; sourceTree = "<group>"; };
		4739BC3B1800CD6A004A6500 /* Back_Arrow@2x.png */ = {isa = PBXFileReference; lastKnownFileType = image.png; path = "Back_Arrow@2x.png"; sourceTree = "<group>"; };
		4739BC3C1800CD6A004A6500 /* books_icon.png */ = {isa = PBXFileReference; lastKnownFileType = image.png; path = books_icon.png; sourceTree = "<group>"; };
		4739BC3D1800CD6A004A6500 /* books_icon@2x.png */ = {isa = PBXFileReference; lastKnownFileType = image.png; path = "books_icon@2x.png"; sourceTree = "<group>"; };
		4739BC3E1800CD6A004A6500 /* Default-568h@2x.png */ = {isa = PBXFileReference; lastKnownFileType = image.png; path = "Default-568h@2x.png"; sourceTree = "<group>"; };
		4739BC3F1800CD6A004A6500 /* Default.png */ = {isa = PBXFileReference; lastKnownFileType = image.png; path = Default.png; sourceTree = "<group>"; };
		4739BC401800CD6A004A6500 /* electronics_icon.png */ = {isa = PBXFileReference; lastKnownFileType = image.png; path = electronics_icon.png; sourceTree = "<group>"; };
		4739BC411800CD6A004A6500 /* electronics_icon@2x.png */ = {isa = PBXFileReference; lastKnownFileType = image.png; path = "electronics_icon@2x.png"; sourceTree = "<group>"; };
		4739BC421800CD6A004A6500 /* healthbeauty_icon.png */ = {isa = PBXFileReference; lastKnownFileType = image.png; path = healthbeauty_icon.png; sourceTree = "<group>"; };
		4739BC431800CD6A004A6500 /* healthbeauty_icon@2x.png */ = {isa = PBXFileReference; lastKnownFileType = image.png; path = "healthbeauty_icon@2x.png"; sourceTree = "<group>"; };
		4739BC441800CD6A004A6500 /* home_icon.png */ = {isa = PBXFileReference; lastKnownFileType = image.png; path = home_icon.png; sourceTree = "<group>"; };
		4739BC451800CD6A004A6500 /* home_icon@2x.png */ = {isa = PBXFileReference; lastKnownFileType = image.png; path = "home_icon@2x.png"; sourceTree = "<group>"; };
		4739BC461800CD6A004A6500 /* interestshobbies_icon.png */ = {isa = PBXFileReference; lastKnownFileType = image.png; path = interestshobbies_icon.png; sourceTree = "<group>"; };
		4739BC471800CD6A004A6500 /* interestshobbies_icon@2x.png */ = {isa = PBXFileReference; lastKnownFileType = image.png; path = "interestshobbies_icon@2x.png"; sourceTree = "<group>"; };
		4739BC491800CD6A004A6500 /* Inbox_Icon_active.png */ = {isa = PBXFileReference; lastKnownFileType = image.png; path = Inbox_Icon_active.png; sourceTree = "<group>"; };
		4739BC4A1800CD6A004A6500 /* Inbox_Icon_active@2x.png */ = {isa = PBXFileReference; lastKnownFileType = image.png; path = "Inbox_Icon_active@2x.png"; sourceTree = "<group>"; };
		4739BC4B1800CD6A004A6500 /* Inbox_Icon_Inactive.png */ = {isa = PBXFileReference; lastKnownFileType = image.png; path = Inbox_Icon_Inactive.png; sourceTree = "<group>"; };
		4739BC4C1800CD6A004A6500 /* Inbox_Icon_Inactive@2x.png */ = {isa = PBXFileReference; lastKnownFileType = image.png; path = "Inbox_Icon_Inactive@2x.png"; sourceTree = "<group>"; };
		4739BC4D1800CD6A004A6500 /* Listings_Icon_active.png */ = {isa = PBXFileReference; lastKnownFileType = image.png; path = Listings_Icon_active.png; sourceTree = "<group>"; };
		4739BC4E1800CD6A004A6500 /* Listings_Icon_active@2x.png */ = {isa = PBXFileReference; lastKnownFileType = image.png; path = "Listings_Icon_active@2x.png"; sourceTree = "<group>"; };
		4739BC4F1800CD6A004A6500 /* Listings_Icon_Inactive.png */ = {isa = PBXFileReference; lastKnownFileType = image.png; path = Listings_Icon_Inactive.png; sourceTree = "<group>"; };
		4739BC501800CD6A004A6500 /* Listings_Icon_Inactive@2x.png */ = {isa = PBXFileReference; lastKnownFileType = image.png; path = "Listings_Icon_Inactive@2x.png"; sourceTree = "<group>"; };
		4739BC511800CD6A004A6500 /* PostAListing_Icon_active.png */ = {isa = PBXFileReference; lastKnownFileType = image.png; path = PostAListing_Icon_active.png; sourceTree = "<group>"; };
		4739BC521800CD6A004A6500 /* PostAListing_Icon_active@2x.png */ = {isa = PBXFileReference; lastKnownFileType = image.png; path = "PostAListing_Icon_active@2x.png"; sourceTree = "<group>"; };
		4739BC531800CD6A004A6500 /* PostAListing_Icon_Inactive.png */ = {isa = PBXFileReference; lastKnownFileType = image.png; path = PostAListing_Icon_Inactive.png; sourceTree = "<group>"; };
		4739BC541800CD6A004A6500 /* PostAListing_Icon_Inactive@2x.png */ = {isa = PBXFileReference; lastKnownFileType = image.png; path = "PostAListing_Icon_Inactive@2x.png"; sourceTree = "<group>"; };
		4739BC551800CD6A004A6500 /* Profile_Icon_active.png */ = {isa = PBXFileReference; lastKnownFileType = image.png; path = Profile_Icon_active.png; sourceTree = "<group>"; };
		4739BC561800CD6A004A6500 /* Profile_Icon_active@2x.png */ = {isa = PBXFileReference; lastKnownFileType = image.png; path = "Profile_Icon_active@2x.png"; sourceTree = "<group>"; };
		4739BC571800CD6A004A6500 /* Profile_Icon_Inactive.png */ = {isa = PBXFileReference; lastKnownFileType = image.png; path = Profile_Icon_Inactive.png; sourceTree = "<group>"; };
		4739BC581800CD6A004A6500 /* Profile_Icon_Inactive@2x.png */ = {isa = PBXFileReference; lastKnownFileType = image.png; path = "Profile_Icon_Inactive@2x.png"; sourceTree = "<group>"; };
		4739BC591800CD6A004A6500 /* Settings_Icon_active.png */ = {isa = PBXFileReference; lastKnownFileType = image.png; path = Settings_Icon_active.png; sourceTree = "<group>"; };
		4739BC5A1800CD6A004A6500 /* Settings_Icon_active@2x.png */ = {isa = PBXFileReference; lastKnownFileType = image.png; path = "Settings_Icon_active@2x.png"; sourceTree = "<group>"; };
		4739BC5B1800CD6A004A6500 /* Settings_Icon_Inactive.png */ = {isa = PBXFileReference; lastKnownFileType = image.png; path = Settings_Icon_Inactive.png; sourceTree = "<group>"; };
		4739BC5C1800CD6A004A6500 /* Settings_Icon_Inactive@2x.png */ = {isa = PBXFileReference; lastKnownFileType = image.png; path = "Settings_Icon_Inactive@2x.png"; sourceTree = "<group>"; };
		4739BC811800CD79004A6500 /* CaeciliaLTStd-Light.otf */ = {isa = PBXFileReference; lastKnownFileType = file; name = "CaeciliaLTStd-Light.otf"; path = "Fonts/CaeciliaLTStd-Light.otf"; sourceTree = "<group>"; };
		4739BC821800CD79004A6500 /* CaeciliaLTStd-Roman.otf */ = {isa = PBXFileReference; lastKnownFileType = file; name = "CaeciliaLTStd-Roman.otf"; path = "Fonts/CaeciliaLTStd-Roman.otf"; sourceTree = "<group>"; };
		4739BC831800CD79004A6500 /* Futura_Extended.otf */ = {isa = PBXFileReference; lastKnownFileType = file; name = Futura_Extended.otf; path = Fonts/Futura_Extended.otf; sourceTree = "<group>"; };
		4739BC841800CD79004A6500 /* Futura_Light.otf */ = {isa = PBXFileReference; lastKnownFileType = file; name = Futura_Light.otf; path = Fonts/Futura_Light.otf; sourceTree = "<group>"; };
		4739BC891800D853004A6500 /* UIColor+PMAppearance.h */ = {isa = PBXFileReference; fileEncoding = 4; lastKnownFileType = sourcecode.c.h; name = "UIColor+PMAppearance.h"; path = "Categories/UIColor+PMAppearance.h"; sourceTree = "<group>"; };
		4739BC8A1800D853004A6500 /* UIColor+PMAppearance.m */ = {isa = PBXFileReference; fileEncoding = 4; lastKnownFileType = sourcecode.c.objc; name = "UIColor+PMAppearance.m"; path = "Categories/UIColor+PMAppearance.m"; sourceTree = "<group>"; };
		4739BC8B1800D853004A6500 /* UIFont+PMAppearance.h */ = {isa = PBXFileReference; fileEncoding = 4; lastKnownFileType = sourcecode.c.h; name = "UIFont+PMAppearance.h"; path = "Categories/UIFont+PMAppearance.h"; sourceTree = "<group>"; };
		4739BC8C1800D853004A6500 /* UIFont+PMAppearance.m */ = {isa = PBXFileReference; fileEncoding = 4; lastKnownFileType = sourcecode.c.objc; name = "UIFont+PMAppearance.m"; path = "Categories/UIFont+PMAppearance.m"; sourceTree = "<group>"; };
		4739BC8D1800D853004A6500 /* UIImage+PMColor.h */ = {isa = PBXFileReference; fileEncoding = 4; lastKnownFileType = sourcecode.c.h; name = "UIImage+PMColor.h"; path = "Categories/UIImage+PMColor.h"; sourceTree = "<group>"; };
		4739BC8E1800D853004A6500 /* UIImage+PMColor.m */ = {isa = PBXFileReference; fileEncoding = 4; lastKnownFileType = sourcecode.c.objc; name = "UIImage+PMColor.m"; path = "Categories/UIImage+PMColor.m"; sourceTree = "<group>"; };
		4739BC921800D87B004A6500 /* NSManagedObjectModel+PMDataStack.h */ = {isa = PBXFileReference; fileEncoding = 4; lastKnownFileType = sourcecode.c.h; name = "NSManagedObjectModel+PMDataStack.h"; path = "Categories/NSManagedObjectModel+PMDataStack.h"; sourceTree = "<group>"; };
		4739BC931800D87B004A6500 /* NSManagedObjectModel+PMDataStack.m */ = {isa = PBXFileReference; fileEncoding = 4; lastKnownFileType = sourcecode.c.objc; name = "NSManagedObjectModel+PMDataStack.m"; path = "Categories/NSManagedObjectModel+PMDataStack.m"; sourceTree = "<group>"; };
		4739BCAD1800FACB004A6500 /* CFNetwork.framework */ = {isa = PBXFileReference; lastKnownFileType = wrapper.framework; name = CFNetwork.framework; path = System/Library/Frameworks/CFNetwork.framework; sourceTree = SDKROOT; };
		4739BCAF1800FB01004A6500 /* MobileCoreServices.framework */ = {isa = PBXFileReference; lastKnownFileType = wrapper.framework; name = MobileCoreServices.framework; path = System/Library/Frameworks/MobileCoreServices.framework; sourceTree = SDKROOT; };
		4739BCB11800FB06004A6500 /* Security.framework */ = {isa = PBXFileReference; lastKnownFileType = wrapper.framework; name = Security.framework; path = System/Library/Frameworks/Security.framework; sourceTree = SDKROOT; };
		4739BCB31800FB0C004A6500 /* SystemConfiguration.framework */ = {isa = PBXFileReference; lastKnownFileType = wrapper.framework; name = SystemConfiguration.framework; path = System/Library/Frameworks/SystemConfiguration.framework; sourceTree = SDKROOT; };
		4739BCB518010801004A6500 /* RestKit.xcodeproj */ = {isa = PBXFileReference; lastKnownFileType = "wrapper.pb-project"; name = RestKit.xcodeproj; path = Prospeqt_mobile/Libraries/RestKit/RestKit.xcodeproj; sourceTree = "<group>"; };
		473D64A218013DA0001B8279 /* NSPersistentStoreCoordinator+PMDataStack.h */ = {isa = PBXFileReference; fileEncoding = 4; lastKnownFileType = sourcecode.c.h; path = "NSPersistentStoreCoordinator+PMDataStack.h"; sourceTree = "<group>"; };
		473D64A318013DA0001B8279 /* NSPersistentStoreCoordinator+PMDataStack.m */ = {isa = PBXFileReference; fileEncoding = 4; lastKnownFileType = sourcecode.c.objc; path = "NSPersistentStoreCoordinator+PMDataStack.m"; sourceTree = "<group>"; };
		473D64A818013F87001B8279 /* NSManagedObjectContext+PMDataStack.h */ = {isa = PBXFileReference; fileEncoding = 4; lastKnownFileType = sourcecode.c.h; path = "NSManagedObjectContext+PMDataStack.h"; sourceTree = "<group>"; };
		473D64A918013F87001B8279 /* NSManagedObjectContext+PMDataStack.m */ = {isa = PBXFileReference; fileEncoding = 4; lastKnownFileType = sourcecode.c.objc; path = "NSManagedObjectContext+PMDataStack.m"; sourceTree = "<group>"; };
		473D64AB18021816001B8279 /* PMObjectManager.h */ = {isa = PBXFileReference; fileEncoding = 4; lastKnownFileType = sourcecode.c.h; path = PMObjectManager.h; sourceTree = "<group>"; };
		473D64AC18021816001B8279 /* PMObjectManager.m */ = {isa = PBXFileReference; fileEncoding = 4; lastKnownFileType = sourcecode.c.objc; path = PMObjectManager.m; sourceTree = "<group>"; };
		474C9A6417E574F60072012C /* PMProfileViewController.h */ = {isa = PBXFileReference; fileEncoding = 4; lastKnownFileType = sourcecode.c.h; path = PMProfileViewController.h; sourceTree = "<group>"; };
		474C9A6517E574F60072012C /* PMProfileViewController.m */ = {isa = PBXFileReference; fileEncoding = 4; lastKnownFileType = sourcecode.c.objc; path = PMProfileViewController.m; sourceTree = "<group>"; };
		474C9A6717E575070072012C /* PMMessagesViewController.h */ = {isa = PBXFileReference; fileEncoding = 4; lastKnownFileType = sourcecode.c.h; path = PMMessagesViewController.h; sourceTree = "<group>"; };
		474C9A6817E575070072012C /* PMMessagesViewController.m */ = {isa = PBXFileReference; fileEncoding = 4; lastKnownFileType = sourcecode.c.objc; path = PMMessagesViewController.m; sourceTree = "<group>"; };
		474C9A6A17E5751A0072012C /* PMSettingsViewController.h */ = {isa = PBXFileReference; fileEncoding = 4; lastKnownFileType = sourcecode.c.h; path = PMSettingsViewController.h; sourceTree = "<group>"; };
		474C9A6B17E5751A0072012C /* PMSettingsViewController.m */ = {isa = PBXFileReference; fileEncoding = 4; lastKnownFileType = sourcecode.c.objc; path = PMSettingsViewController.m; sourceTree = "<group>"; };
		474C9A7017E5762A0072012C /* PMBaseViewController.h */ = {isa = PBXFileReference; fileEncoding = 4; lastKnownFileType = sourcecode.c.h; path = PMBaseViewController.h; sourceTree = "<group>"; };
		474C9A7117E5762A0072012C /* PMBaseViewController.m */ = {isa = PBXFileReference; fileEncoding = 4; lastKnownFileType = sourcecode.c.objc; path = PMBaseViewController.m; sourceTree = "<group>"; };
		474C9A7617E576DA0072012C /* PMEnvironment.h */ = {isa = PBXFileReference; fileEncoding = 4; lastKnownFileType = sourcecode.c.h; path = PMEnvironment.h; sourceTree = "<group>"; };
		474C9A7717E576DA0072012C /* PMEnvironment.m */ = {isa = PBXFileReference; fileEncoding = 4; lastKnownFileType = sourcecode.c.objc; path = PMEnvironment.m; sourceTree = "<group>"; };
		474C9A7917E5773B0072012C /* PMAppearance.h */ = {isa = PBXFileReference; fileEncoding = 4; lastKnownFileType = sourcecode.c.h; path = PMAppearance.h; sourceTree = "<group>"; };
		474C9A7A17E5773B0072012C /* PMAppearance.m */ = {isa = PBXFileReference; fileEncoding = 4; lastKnownFileType = sourcecode.c.objc; path = PMAppearance.m; sourceTree = "<group>"; };
		478786C517E6A35B004CCE04 /* Localizable.strings */ = {isa = PBXFileReference; fileEncoding = 4; lastKnownFileType = text.plist.strings; path = Localizable.strings; sourceTree = "<group>"; };
		478786C817E6AFBB004CCE04 /* PMAuthViewController.h */ = {isa = PBXFileReference; fileEncoding = 4; lastKnownFileType = sourcecode.c.h; path = PMAuthViewController.h; sourceTree = "<group>"; };
		478786C917E6AFBB004CCE04 /* PMAuthViewController.m */ = {isa = PBXFileReference; fileEncoding = 4; lastKnownFileType = sourcecode.c.objc; path = PMAuthViewController.m; sourceTree = "<group>"; };
		478786CB17E6AFF7004CCE04 /* PMSignInViewController.h */ = {isa = PBXFileReference; fileEncoding = 4; lastKnownFileType = sourcecode.c.h; path = PMSignInViewController.h; sourceTree = "<group>"; };
		478786CC17E6AFF7004CCE04 /* PMSignInViewController.m */ = {isa = PBXFileReference; fileEncoding = 4; lastKnownFileType = sourcecode.c.objc; path = PMSignInViewController.m; sourceTree = "<group>"; };
		478786CE17E6B000004CCE04 /* PMSignUpViewController.h */ = {isa = PBXFileReference; fileEncoding = 4; lastKnownFileType = sourcecode.c.h; path = PMSignUpViewController.h; sourceTree = "<group>"; };
		478786CF17E6B000004CCE04 /* PMSignUpViewController.m */ = {isa = PBXFileReference; fileEncoding = 4; lastKnownFileType = sourcecode.c.objc; path = PMSignUpViewController.m; sourceTree = "<group>"; };
		478786D117E6B02C004CCE04 /* PMForgotPasswordViewController.h */ = {isa = PBXFileReference; fileEncoding = 4; lastKnownFileType = sourcecode.c.h; path = PMForgotPasswordViewController.h; sourceTree = "<group>"; };
		478786D217E6B02C004CCE04 /* PMForgotPasswordViewController.m */ = {isa = PBXFileReference; fileEncoding = 4; lastKnownFileType = sourcecode.c.objc; path = PMForgotPasswordViewController.m; sourceTree = "<group>"; };
		478786D417E6B034004CCE04 /* PMTermsOfServiceViewController.h */ = {isa = PBXFileReference; fileEncoding = 4; lastKnownFileType = sourcecode.c.h; path = PMTermsOfServiceViewController.h; sourceTree = "<group>"; };
		478786D517E6B034004CCE04 /* PMTermsOfServiceViewController.m */ = {isa = PBXFileReference; fileEncoding = 4; lastKnownFileType = sourcecode.c.objc; path = PMTermsOfServiceViewController.m; sourceTree = "<group>"; };
		478786D717E6BD30004CCE04 /* PMAuthNavigationController.h */ = {isa = PBXFileReference; fileEncoding = 4; lastKnownFileType = sourcecode.c.h; path = PMAuthNavigationController.h; sourceTree = "<group>"; };
		478786D817E6BD30004CCE04 /* PMAuthNavigationController.m */ = {isa = PBXFileReference; fileEncoding = 4; lastKnownFileType = sourcecode.c.objc; path = PMAuthNavigationController.m; sourceTree = "<group>"; };
		478786DA17E6BD7C004CCE04 /* PMAuthenticationDelegate.h */ = {isa = PBXFileReference; lastKnownFileType = sourcecode.c.h; path = PMAuthenticationDelegate.h; sourceTree = "<group>"; };
		47A5065718095A1600243BE6 /* RoundedCornerThumbnail_Border.png */ = {isa = PBXFileReference; lastKnownFileType = image.png; path = RoundedCornerThumbnail_Border.png; sourceTree = "<group>"; };
		47A5065818095A1600243BE6 /* RoundedCornerThumbnail_Border@2x.png */ = {isa = PBXFileReference; lastKnownFileType = image.png; path = "RoundedCornerThumbnail_Border@2x.png"; sourceTree = "<group>"; };
		47A5065918095A1600243BE6 /* RoundedCornerThumbnail_Mask.png */ = {isa = PBXFileReference; lastKnownFileType = image.png; path = RoundedCornerThumbnail_Mask.png; sourceTree = "<group>"; };
		47A5065A18095A1600243BE6 /* RoundedCornerThumbnail_Mask@2x.png */ = {isa = PBXFileReference; lastKnownFileType = image.png; path = "RoundedCornerThumbnail_Mask@2x.png"; sourceTree = "<group>"; };
		47A5065F18095A2800243BE6 /* RedNotificationBubble.png */ = {isa = PBXFileReference; lastKnownFileType = image.png; path = RedNotificationBubble.png; sourceTree = "<group>"; };
		47A5066018095A2800243BE6 /* RedNotificationBubble@2x.png */ = {isa = PBXFileReference; lastKnownFileType = image.png; path = "RedNotificationBubble@2x.png"; sourceTree = "<group>"; };
		47A50665180967FA00243BE6 /* PMManageListingViewController.h */ = {isa = PBXFileReference; fileEncoding = 4; lastKnownFileType = sourcecode.c.h; path = PMManageListingViewController.h; sourceTree = "<group>"; };
		47A50666180967FA00243BE6 /* PMManageListingViewController.m */ = {isa = PBXFileReference; fileEncoding = 4; lastKnownFileType = sourcecode.c.objc; path = PMManageListingViewController.m; sourceTree = "<group>"; };
		47A5066818096F3000243BE6 /* LocationPin.png */ = {isa = PBXFileReference; lastKnownFileType = image.png; path = LocationPin.png; sourceTree = "<group>"; };
		47A5066918096F3000243BE6 /* LocationPin@2x.png */ = {isa = PBXFileReference; lastKnownFileType = image.png; path = "LocationPin@2x.png"; sourceTree = "<group>"; };
		47A5066C180A7BE400243BE6 /* PMButton.h */ = {isa = PBXFileReference; fileEncoding = 4; lastKnownFileType = sourcecode.c.h; path = PMButton.h; sourceTree = "<group>"; };
		47A5066D180A7BE400243BE6 /* PMButton.m */ = {isa = PBXFileReference; fileEncoding = 4; lastKnownFileType = sourcecode.c.objc; path = PMButton.m; sourceTree = "<group>"; };
		47A5066F180A7D3400243BE6 /* UIButton+PMAppearance.h */ = {isa = PBXFileReference; fileEncoding = 4; lastKnownFileType = sourcecode.c.h; path = "UIButton+PMAppearance.h"; sourceTree = "<group>"; };
		47A50670180A7D3400243BE6 /* UIButton+PMAppearance.m */ = {isa = PBXFileReference; fileEncoding = 4; lastKnownFileType = sourcecode.c.objc; path = "UIButton+PMAppearance.m"; sourceTree = "<group>"; };
		47BBD7AE17D40E630050814D /* Prospeqt_mobile.app */ = {isa = PBXFileReference; explicitFileType = wrapper.application; includeInIndex = 0; path = Prospeqt_mobile.app; sourceTree = BUILT_PRODUCTS_DIR; };
		47BBD7B117D40E630050814D /* UIKit.framework */ = {isa = PBXFileReference; lastKnownFileType = wrapper.framework; name = UIKit.framework; path = System/Library/Frameworks/UIKit.framework; sourceTree = SDKROOT; };
		47BBD7B317D40E630050814D /* Foundation.framework */ = {isa = PBXFileReference; lastKnownFileType = wrapper.framework; name = Foundation.framework; path = System/Library/Frameworks/Foundation.framework; sourceTree = SDKROOT; };
		47BBD7B517D40E630050814D /* CoreGraphics.framework */ = {isa = PBXFileReference; lastKnownFileType = wrapper.framework; name = CoreGraphics.framework; path = System/Library/Frameworks/CoreGraphics.framework; sourceTree = SDKROOT; };
		47BBD7B717D40E630050814D /* CoreData.framework */ = {isa = PBXFileReference; lastKnownFileType = wrapper.framework; name = CoreData.framework; path = System/Library/Frameworks/CoreData.framework; sourceTree = SDKROOT; };
		47BBD7BB17D40E630050814D /* Prospeqt_mobile-Info.plist */ = {isa = PBXFileReference; lastKnownFileType = text.plist.xml; path = "Prospeqt_mobile-Info.plist"; sourceTree = "<group>"; };
		47BBD7BD17D40E630050814D /* en */ = {isa = PBXFileReference; lastKnownFileType = text.plist.strings; name = en; path = en.lproj/InfoPlist.strings; sourceTree = "<group>"; };
		47BBD7BF17D40E630050814D /* main.m */ = {isa = PBXFileReference; lastKnownFileType = sourcecode.c.objc; path = main.m; sourceTree = "<group>"; };
		47BBD7C117D40E630050814D /* Prospeqt_mobile-Prefix.pch */ = {isa = PBXFileReference; lastKnownFileType = sourcecode.c.h; path = "Prospeqt_mobile-Prefix.pch"; sourceTree = "<group>"; };
		47BBD7C217D40E630050814D /* PMAppDelegate.h */ = {isa = PBXFileReference; lastKnownFileType = sourcecode.c.h; path = PMAppDelegate.h; sourceTree = "<group>"; };
		47BBD7C317D40E630050814D /* PMAppDelegate.m */ = {isa = PBXFileReference; lastKnownFileType = sourcecode.c.objc; path = PMAppDelegate.m; sourceTree = "<group>"; };
		47BBD7CC17D40E630050814D /* Prospeqt_mobile.xcdatamodel */ = {isa = PBXFileReference; lastKnownFileType = wrapper.xcdatamodel; path = Prospeqt_mobile.xcdatamodel; sourceTree = "<group>"; };
		47BBD7D317D40E630050814D /* Prospeqt_mobileTests.octest */ = {isa = PBXFileReference; explicitFileType = wrapper.cfbundle; includeInIndex = 0; path = Prospeqt_mobileTests.octest; sourceTree = BUILT_PRODUCTS_DIR; };
		47BBD7D417D40E630050814D /* SenTestingKit.framework */ = {isa = PBXFileReference; lastKnownFileType = wrapper.framework; name = SenTestingKit.framework; path = Library/Frameworks/SenTestingKit.framework; sourceTree = DEVELOPER_DIR; };
		47BBD7DD17D40E630050814D /* Prospeqt_mobileTests-Info.plist */ = {isa = PBXFileReference; lastKnownFileType = text.plist.xml; path = "Prospeqt_mobileTests-Info.plist"; sourceTree = "<group>"; };
		47BBD7DF17D40E630050814D /* en */ = {isa = PBXFileReference; lastKnownFileType = text.plist.strings; name = en; path = en.lproj/InfoPlist.strings; sourceTree = "<group>"; };
		47BBD7E117D40E630050814D /* Prospeqt_mobileTests.h */ = {isa = PBXFileReference; lastKnownFileType = sourcecode.c.h; path = Prospeqt_mobileTests.h; sourceTree = "<group>"; };
		47BBD7E217D40E630050814D /* Prospeqt_mobileTests.m */ = {isa = PBXFileReference; lastKnownFileType = sourcecode.c.objc; path = Prospeqt_mobileTests.m; sourceTree = "<group>"; };
		47BBD7EF17D423440050814D /* PMNetworkController.h */ = {isa = PBXFileReference; fileEncoding = 4; lastKnownFileType = sourcecode.c.h; path = PMNetworkController.h; sourceTree = "<group>"; };
		47BBD7F017D423440050814D /* PMNetworkController.m */ = {isa = PBXFileReference; fileEncoding = 4; lastKnownFileType = sourcecode.c.objc; path = PMNetworkController.m; sourceTree = "<group>"; };
		47BBD7F417D424170050814D /* PMDataLoadProtocol.h */ = {isa = PBXFileReference; lastKnownFileType = sourcecode.c.h; path = PMDataLoadProtocol.h; sourceTree = "<group>"; };
		47BBD7F517D424940050814D /* PMAPIEnvironment.h */ = {isa = PBXFileReference; fileEncoding = 4; lastKnownFileType = sourcecode.c.h; path = PMAPIEnvironment.h; sourceTree = "<group>"; };
		47BBD7F617D424940050814D /* PMAPIEnvironment.m */ = {isa = PBXFileReference; fileEncoding = 4; lastKnownFileType = sourcecode.c.objc; path = PMAPIEnvironment.m; sourceTree = "<group>"; };
		47BBD7FE17E191AE0050814D /* PMWindowController.h */ = {isa = PBXFileReference; fileEncoding = 4; lastKnownFileType = sourcecode.c.h; path = PMWindowController.h; sourceTree = "<group>"; };
		47BBD7FF17E191AE0050814D /* PMWindowController.m */ = {isa = PBXFileReference; fileEncoding = 4; lastKnownFileType = sourcecode.c.objc; path = PMWindowController.m; sourceTree = "<group>"; };
/* End PBXFileReference section */

/* Begin PBXFrameworksBuildPhase section */
		47BBD7AB17D40E630050814D /* Frameworks */ = {
			isa = PBXFrameworksBuildPhase;
			buildActionMask = 2147483647;
			files = (
				4739BCC61801099B004A6500 /* libRestKit.a in Frameworks */,
				4739BCB41800FB0C004A6500 /* SystemConfiguration.framework in Frameworks */,
				4739BCB21800FB06004A6500 /* Security.framework in Frameworks */,
				4739BCB01800FB01004A6500 /* MobileCoreServices.framework in Frameworks */,
				4739BCAE1800FACB004A6500 /* CFNetwork.framework in Frameworks */,
				47BBD7B217D40E630050814D /* UIKit.framework in Frameworks */,
				47BBD7B417D40E630050814D /* Foundation.framework in Frameworks */,
				47BBD7B617D40E630050814D /* CoreGraphics.framework in Frameworks */,
				47BBD7B817D40E630050814D /* CoreData.framework in Frameworks */,
			);
			runOnlyForDeploymentPostprocessing = 0;
		};
		47BBD7CF17D40E630050814D /* Frameworks */ = {
			isa = PBXFrameworksBuildPhase;
			buildActionMask = 2147483647;
			files = (
				47BBD7D517D40E630050814D /* SenTestingKit.framework in Frameworks */,
				47BBD7D617D40E630050814D /* UIKit.framework in Frameworks */,
				47BBD7D717D40E630050814D /* Foundation.framework in Frameworks */,
				47BBD7D817D40E630050814D /* CoreData.framework in Frameworks */,
			);
			runOnlyForDeploymentPostprocessing = 0;
		};
/* End PBXFrameworksBuildPhase section */

/* Begin PBXGroup section */
		4739BB7417FE9F0F004A6500 /* Resources */ = {
			isa = PBXGroup;
			children = (
				4739BBD217FFEB28004A6500 /* Fonts */,
				4739BB7517FE9F23004A6500 /* Images */,
			);
			name = Resources;
			path = Prospeqt_mobile;
			sourceTree = "<group>";
		};
		4739BB7517FE9F23004A6500 /* Images */ = {
			isa = PBXGroup;
			children = (
				47A50656180959D800243BE6 /* Listing */,
				4739BC371800CD6A004A6500 /* Listing Category Icons */,
				4739BC481800CD6A004A6500 /* Tab Bar Items */,
			);
			name = Images;
			sourceTree = "<group>";
		};
		4739BBB817FE9FD6004A6500 /* Categories */ = {
			isa = PBXGroup;
			children = (
				4739BC851800D7BD004A6500 /* PMDataStack */,
				4739BC891800D853004A6500 /* UIColor+PMAppearance.h */,
				4739BC8A1800D853004A6500 /* UIColor+PMAppearance.m */,
				4739BC8B1800D853004A6500 /* UIFont+PMAppearance.h */,
				4739BC8C1800D853004A6500 /* UIFont+PMAppearance.m */,
				4739BC8D1800D853004A6500 /* UIImage+PMColor.h */,
				4739BC8E1800D853004A6500 /* UIImage+PMColor.m */,
				47A5066F180A7D3400243BE6 /* UIButton+PMAppearance.h */,
				47A50670180A7D3400243BE6 /* UIButton+PMAppearance.m */,
			);
			name = Categories;
			sourceTree = "<group>";
		};
		4739BBBF17FFD590004A6500 /* Post a Listing */ = {
			isa = PBXGroup;
			children = (
				4739BBC017FFD5B6004A6500 /* PMPostListingViewController.h */,
				4739BBC117FFD5B6004A6500 /* PMPostListingViewController.m */,
				4739BBE818000C21004A6500 /* PMAddPhotoViewController.h */,
				4739BBE918000C21004A6500 /* PMAddPhotoViewController.m */,
			);
			name = "Post a Listing";
			sourceTree = "<group>";
		};
		4739BBD217FFEB28004A6500 /* Fonts */ = {
			isa = PBXGroup;
			children = (
				4739BC811800CD79004A6500 /* CaeciliaLTStd-Light.otf */,
				4739BC821800CD79004A6500 /* CaeciliaLTStd-Roman.otf */,
				4739BC831800CD79004A6500 /* Futura_Extended.otf */,
				4739BC841800CD79004A6500 /* Futura_Light.otf */,
			);
			name = Fonts;
			sourceTree = "<group>";
		};
		4739BC2A1800CB50004A6500 /* Machine */ = {
			isa = PBXGroup;
			children = (
				4739BC2B1800CB50004A6500 /* _PMListing.h */,
				4739BC2C1800CB50004A6500 /* _PMListing.m */,
				4739BC2D1800CB50004A6500 /* _PMUser.h */,
				4739BC2E1800CB50004A6500 /* _PMUser.m */,
			);
			name = Machine;
			path = Model/Machine;
			sourceTree = "<group>";
		};
		4739BC371800CD6A004A6500 /* Listing Category Icons */ = {
			isa = PBXGroup;
			children = (
				4739BC381800CD6A004A6500 /* apparel_icon.png */,
				4739BC391800CD6A004A6500 /* apparel_icon@2x.png */,
				4739BC3A1800CD6A004A6500 /* Back_Arrow.png */,
				4739BC3B1800CD6A004A6500 /* Back_Arrow@2x.png */,
				4739BC3C1800CD6A004A6500 /* books_icon.png */,
				4739BC3D1800CD6A004A6500 /* books_icon@2x.png */,
				4739BC3E1800CD6A004A6500 /* Default-568h@2x.png */,
				4739BC3F1800CD6A004A6500 /* Default.png */,
				4739BC401800CD6A004A6500 /* electronics_icon.png */,
				4739BC411800CD6A004A6500 /* electronics_icon@2x.png */,
				4739BC421800CD6A004A6500 /* healthbeauty_icon.png */,
				4739BC431800CD6A004A6500 /* healthbeauty_icon@2x.png */,
				4739BC441800CD6A004A6500 /* home_icon.png */,
				4739BC451800CD6A004A6500 /* home_icon@2x.png */,
				4739BC461800CD6A004A6500 /* interestshobbies_icon.png */,
				4739BC471800CD6A004A6500 /* interestshobbies_icon@2x.png */,
			);
			name = "Listing Category Icons";
			path = "Images/Listing Icons";
			sourceTree = "<group>";
		};
		4739BC481800CD6A004A6500 /* Tab Bar Items */ = {
			isa = PBXGroup;
			children = (
				4739BC491800CD6A004A6500 /* Inbox_Icon_active.png */,
				4739BC4A1800CD6A004A6500 /* Inbox_Icon_active@2x.png */,
				4739BC4B1800CD6A004A6500 /* Inbox_Icon_Inactive.png */,
				4739BC4C1800CD6A004A6500 /* Inbox_Icon_Inactive@2x.png */,
				4739BC4D1800CD6A004A6500 /* Listings_Icon_active.png */,
				4739BC4E1800CD6A004A6500 /* Listings_Icon_active@2x.png */,
				4739BC4F1800CD6A004A6500 /* Listings_Icon_Inactive.png */,
				4739BC501800CD6A004A6500 /* Listings_Icon_Inactive@2x.png */,
				4739BC511800CD6A004A6500 /* PostAListing_Icon_active.png */,
				4739BC521800CD6A004A6500 /* PostAListing_Icon_active@2x.png */,
				4739BC531800CD6A004A6500 /* PostAListing_Icon_Inactive.png */,
				4739BC541800CD6A004A6500 /* PostAListing_Icon_Inactive@2x.png */,
				4739BC551800CD6A004A6500 /* Profile_Icon_active.png */,
				4739BC561800CD6A004A6500 /* Profile_Icon_active@2x.png */,
				4739BC571800CD6A004A6500 /* Profile_Icon_Inactive.png */,
				4739BC581800CD6A004A6500 /* Profile_Icon_Inactive@2x.png */,
				4739BC591800CD6A004A6500 /* Settings_Icon_active.png */,
				4739BC5A1800CD6A004A6500 /* Settings_Icon_active@2x.png */,
				4739BC5B1800CD6A004A6500 /* Settings_Icon_Inactive.png */,
				4739BC5C1800CD6A004A6500 /* Settings_Icon_Inactive@2x.png */,
			);
			name = "Tab Bar Items";
			path = "Images/Tab Bar Items";
			sourceTree = "<group>";
		};
		4739BC851800D7BD004A6500 /* PMDataStack */ = {
			isa = PBXGroup;
			children = (
				473D64A818013F87001B8279 /* NSManagedObjectContext+PMDataStack.h */,
				473D64A918013F87001B8279 /* NSManagedObjectContext+PMDataStack.m */,
				4739BC921800D87B004A6500 /* NSManagedObjectModel+PMDataStack.h */,
				4739BC931800D87B004A6500 /* NSManagedObjectModel+PMDataStack.m */,
				473D64A218013DA0001B8279 /* NSPersistentStoreCoordinator+PMDataStack.h */,
				473D64A318013DA0001B8279 /* NSPersistentStoreCoordinator+PMDataStack.m */,
			);
			name = PMDataStack;
			sourceTree = "<group>";
		};
		4739BCB618010801004A6500 /* Products */ = {
			isa = PBXGroup;
			children = (
				4739BCBD18010802004A6500 /* libRestKit.a */,
				4739BCBF18010802004A6500 /* RestKitTests.octest */,
				4739BCC118010802004A6500 /* RestKit.framework */,
				4739BCC318010802004A6500 /* RestKitFrameworkTests.octest */,
			);
			name = Products;
			sourceTree = "<group>";
		};
		474C9A6017E573B20072012C /* Listings */ = {
			isa = PBXGroup;
			children = (
				4739BB6E17FD444D004A6500 /* PMListingsViewController.h */,
				4739BB6F17FD444D004A6500 /* PMListingsViewController.m */,
				47A50665180967FA00243BE6 /* PMManageListingViewController.h */,
				47A50666180967FA00243BE6 /* PMManageListingViewController.m */,
			);
			name = Listings;
			sourceTree = "<group>";
		};
		474C9A6117E573BD0072012C /* Settings */ = {
			isa = PBXGroup;
			children = (
				474C9A6A17E5751A0072012C /* PMSettingsViewController.h */,
				474C9A6B17E5751A0072012C /* PMSettingsViewController.m */,
			);
			name = Settings;
			sourceTree = "<group>";
		};
		474C9A6217E573CB0072012C /* Messages */ = {
			isa = PBXGroup;
			children = (
				474C9A6717E575070072012C /* PMMessagesViewController.h */,
				474C9A6817E575070072012C /* PMMessagesViewController.m */,
			);
			name = Messages;
			sourceTree = "<group>";
		};
		474C9A6317E573E40072012C /* Profile */ = {
			isa = PBXGroup;
			children = (
				474C9A6417E574F60072012C /* PMProfileViewController.h */,
				474C9A6517E574F60072012C /* PMProfileViewController.m */,
			);
			name = Profile;
			sourceTree = "<group>";
		};
		478786C717E6AFA1004CCE04 /* Authentication */ = {
			isa = PBXGroup;
			children = (
				478786C817E6AFBB004CCE04 /* PMAuthViewController.h */,
				478786C917E6AFBB004CCE04 /* PMAuthViewController.m */,
				478786D717E6BD30004CCE04 /* PMAuthNavigationController.h */,
				478786D817E6BD30004CCE04 /* PMAuthNavigationController.m */,
				478786CB17E6AFF7004CCE04 /* PMSignInViewController.h */,
				478786CC17E6AFF7004CCE04 /* PMSignInViewController.m */,
				478786CE17E6B000004CCE04 /* PMSignUpViewController.h */,
				478786CF17E6B000004CCE04 /* PMSignUpViewController.m */,
				478786D117E6B02C004CCE04 /* PMForgotPasswordViewController.h */,
				478786D217E6B02C004CCE04 /* PMForgotPasswordViewController.m */,
				478786D417E6B034004CCE04 /* PMTermsOfServiceViewController.h */,
				478786D517E6B034004CCE04 /* PMTermsOfServiceViewController.m */,
			);
			name = Authentication;
			sourceTree = "<group>";
		};
		47A50656180959D800243BE6 /* Listing */ = {
			isa = PBXGroup;
			children = (
				47A5065718095A1600243BE6 /* RoundedCornerThumbnail_Border.png */,
				47A5065818095A1600243BE6 /* RoundedCornerThumbnail_Border@2x.png */,
				47A5065918095A1600243BE6 /* RoundedCornerThumbnail_Mask.png */,
				47A5065A18095A1600243BE6 /* RoundedCornerThumbnail_Mask@2x.png */,
				47A5065F18095A2800243BE6 /* RedNotificationBubble.png */,
				47A5066018095A2800243BE6 /* RedNotificationBubble@2x.png */,
				47A5066818096F3000243BE6 /* LocationPin.png */,
				47A5066918096F3000243BE6 /* LocationPin@2x.png */,
			);
			name = Listing;
			sourceTree = "<group>";
		};
		47BBD7A517D40E630050814D = {
			isa = PBXGroup;
			children = (
				47BBD7B917D40E630050814D /* Application */,
				47BBD7FA17E191400050814D /* Models */,
				47BBD7FB17E1914A0050814D /* View */,
				47BBD7FC17E1914E0050814D /* Controllers */,
				4739BB7417FE9F0F004A6500 /* Resources */,
				47BBD7DB17D40E630050814D /* Prospeqt_mobileTests */,
				47BBD7B017D40E630050814D /* Frameworks */,
				47BBD7AF17D40E630050814D /* Products */,
			);
			sourceTree = "<group>";
		};
		47BBD7AF17D40E630050814D /* Products */ = {
			isa = PBXGroup;
			children = (
				47BBD7AE17D40E630050814D /* Prospeqt_mobile.app */,
				47BBD7D317D40E630050814D /* Prospeqt_mobileTests.octest */,
			);
			name = Products;
			sourceTree = "<group>";
		};
		47BBD7B017D40E630050814D /* Frameworks */ = {
			isa = PBXGroup;
			children = (
				4739BCB518010801004A6500 /* RestKit.xcodeproj */,
				4739BCB31800FB0C004A6500 /* SystemConfiguration.framework */,
				4739BCB11800FB06004A6500 /* Security.framework */,
				4739BCAF1800FB01004A6500 /* MobileCoreServices.framework */,
				4739BCAD1800FACB004A6500 /* CFNetwork.framework */,
				47BBD7B117D40E630050814D /* UIKit.framework */,
				47BBD7B317D40E630050814D /* Foundation.framework */,
				47BBD7B517D40E630050814D /* CoreGraphics.framework */,
				47BBD7B717D40E630050814D /* CoreData.framework */,
				47BBD7D417D40E630050814D /* SenTestingKit.framework */,
			);
			name = Frameworks;
			sourceTree = "<group>";
		};
		47BBD7B917D40E630050814D /* Application */ = {
			isa = PBXGroup;
			children = (
				47BBD7C217D40E630050814D /* PMAppDelegate.h */,
				47BBD7C317D40E630050814D /* PMAppDelegate.m */,
				474C9A7917E5773B0072012C /* PMAppearance.h */,
				474C9A7A17E5773B0072012C /* PMAppearance.m */,
				474C9A7617E576DA0072012C /* PMEnvironment.h */,
				474C9A7717E576DA0072012C /* PMEnvironment.m */,
				47BBD7EE17D41E930050814D /* API */,
				47BBD7F317D423E20050814D /* Protocols */,
				4739BBB817FE9FD6004A6500 /* Categories */,
				47BBD7BA17D40E630050814D /* Supporting Files */,
			);
			name = Application;
			path = Prospeqt_mobile;
			sourceTree = "<group>";
		};
		47BBD7BA17D40E630050814D /* Supporting Files */ = {
			isa = PBXGroup;
			children = (
				47BBD7BB17D40E630050814D /* Prospeqt_mobile-Info.plist */,
				47BBD7BC17D40E630050814D /* InfoPlist.strings */,
				478786C517E6A35B004CCE04 /* Localizable.strings */,
				47BBD7BF17D40E630050814D /* main.m */,
				47BBD7C117D40E630050814D /* Prospeqt_mobile-Prefix.pch */,
			);
			name = "Supporting Files";
			sourceTree = "<group>";
		};
		47BBD7DB17D40E630050814D /* Prospeqt_mobileTests */ = {
			isa = PBXGroup;
			children = (
				47BBD7E117D40E630050814D /* Prospeqt_mobileTests.h */,
				47BBD7E217D40E630050814D /* Prospeqt_mobileTests.m */,
				47BBD7DC17D40E630050814D /* Supporting Files */,
			);
			path = Prospeqt_mobileTests;
			sourceTree = "<group>";
		};
		47BBD7DC17D40E630050814D /* Supporting Files */ = {
			isa = PBXGroup;
			children = (
				47BBD7DD17D40E630050814D /* Prospeqt_mobileTests-Info.plist */,
				47BBD7DE17D40E630050814D /* InfoPlist.strings */,
			);
			name = "Supporting Files";
			sourceTree = "<group>";
		};
		47BBD7EE17D41E930050814D /* API */ = {
			isa = PBXGroup;
			children = (
				47BBD7F517D424940050814D /* PMAPIEnvironment.h */,
				47BBD7F617D424940050814D /* PMAPIEnvironment.m */,
				47BBD7EF17D423440050814D /* PMNetworkController.h */,
				47BBD7F017D423440050814D /* PMNetworkController.m */,
				473D64AB18021816001B8279 /* PMObjectManager.h */,
				473D64AC18021816001B8279 /* PMObjectManager.m */,
			);
			name = API;
			sourceTree = "<group>";
		};
		47BBD7F317D423E20050814D /* Protocols */ = {
			isa = PBXGroup;
			children = (
				47BBD7F417D424170050814D /* PMDataLoadProtocol.h */,
				478786DA17E6BD7C004CCE04 /* PMAuthenticationDelegate.h */,
			);
			name = Protocols;
			sourceTree = "<group>";
		};
		47BBD7FA17E191400050814D /* Models */ = {
			isa = PBXGroup;
			children = (
				47BBD7CB17D40E630050814D /* Prospeqt_mobile.xcdatamodeld */,
				4739BC2A1800CB50004A6500 /* Machine */,
				4739BC2F1800CB50004A6500 /* PMListing.h */,
				4739BC301800CB50004A6500 /* PMListing.m */,
				4739BC311800CB50004A6500 /* PMUser.h */,
				4739BC321800CB50004A6500 /* PMUser.m */,
			);
			name = Models;
			path = Prospeqt_mobile;
			sourceTree = "<group>";
		};
		47BBD7FB17E1914A0050814D /* View */ = {
			isa = PBXGroup;
			children = (
				4739BB7117FD531D004A6500 /* PMListingCell.h */,
				4739BB7217FD531D004A6500 /* PMListingCell.m */,
				4739BBC917FFDB62004A6500 /* PMTitleCell.h */,
				4739BBCA17FFDB62004A6500 /* PMTitleCell.m */,
				4739BBCC17FFDE57004A6500 /* PMCategoryCell.h */,
				4739BBCD17FFDE57004A6500 /* PMCategoryCell.m */,
				4739BBCF17FFE1D2004A6500 /* PMCell.h */,
				4739BBD017FFE1D2004A6500 /* PMCell.m */,
				47A5066C180A7BE400243BE6 /* PMButton.h */,
				47A5066D180A7BE400243BE6 /* PMButton.m */,
			);
			name = View;
			path = Prospeqt_mobile;
			sourceTree = "<group>";
		};
		47BBD7FC17E1914E0050814D /* Controllers */ = {
			isa = PBXGroup;
			children = (
				478786C717E6AFA1004CCE04 /* Authentication */,
				47BBD7FD17E1919B0050814D /* General */,
				4739BBBF17FFD590004A6500 /* Post a Listing */,
				474C9A6317E573E40072012C /* Profile */,
				474C9A6217E573CB0072012C /* Messages */,
				474C9A6117E573BD0072012C /* Settings */,
				474C9A6017E573B20072012C /* Listings */,
			);
			name = Controllers;
			path = Prospeqt_mobile;
			sourceTree = "<group>";
		};
		47BBD7FD17E1919B0050814D /* General */ = {
			isa = PBXGroup;
			children = (
				474C9A7017E5762A0072012C /* PMBaseViewController.h */,
				474C9A7117E5762A0072012C /* PMBaseViewController.m */,
				47BBD7FE17E191AE0050814D /* PMWindowController.h */,
				47BBD7FF17E191AE0050814D /* PMWindowController.m */,
			);
			name = General;
			sourceTree = "<group>";
		};
/* End PBXGroup section */

/* Begin PBXNativeTarget section */
		47BBD7AD17D40E630050814D /* Prospeqt_mobile */ = {
			isa = PBXNativeTarget;
			buildConfigurationList = 47BBD7E617D40E630050814D /* Build configuration list for PBXNativeTarget "Prospeqt_mobile" */;
			buildPhases = (
				47BBD7AA17D40E630050814D /* Sources */,
				47BBD7AB17D40E630050814D /* Frameworks */,
				47BBD7AC17D40E630050814D /* Resources */,
			);
			buildRules = (
			);
			dependencies = (
				4739BCC518010996004A6500 /* PBXTargetDependency */,
			);
			name = Prospeqt_mobile;
			productName = Prospeqt_mobile;
			productReference = 47BBD7AE17D40E630050814D /* Prospeqt_mobile.app */;
			productType = "com.apple.product-type.application";
		};
		47BBD7D217D40E630050814D /* Prospeqt_mobileTests */ = {
			isa = PBXNativeTarget;
			buildConfigurationList = 47BBD7E917D40E630050814D /* Build configuration list for PBXNativeTarget "Prospeqt_mobileTests" */;
			buildPhases = (
				47BBD7CE17D40E630050814D /* Sources */,
				47BBD7CF17D40E630050814D /* Frameworks */,
				47BBD7D017D40E630050814D /* Resources */,
				47BBD7D117D40E630050814D /* ShellScript */,
			);
			buildRules = (
			);
			dependencies = (
				47BBD7DA17D40E630050814D /* PBXTargetDependency */,
			);
			name = Prospeqt_mobileTests;
			productName = Prospeqt_mobileTests;
			productReference = 47BBD7D317D40E630050814D /* Prospeqt_mobileTests.octest */;
			productType = "com.apple.product-type.bundle";
		};
/* End PBXNativeTarget section */

/* Begin PBXProject section */
		47BBD7A617D40E630050814D /* Project object */ = {
			isa = PBXProject;
			attributes = {
				CLASSPREFIX = PM;
				LastUpgradeCheck = 0460;
				ORGANIZATIONNAME = Prospeqt;
				TargetAttributes = {
					47BBD7AD17D40E630050814D = {
						DevelopmentTeam = 67AVVEAWVF;
					};
				};
			};
			buildConfigurationList = 47BBD7A917D40E630050814D /* Build configuration list for PBXProject "Prospeqt_mobile" */;
			compatibilityVersion = "Xcode 3.2";
			developmentRegion = English;
			hasScannedForEncodings = 0;
			knownRegions = (
				en,
			);
			mainGroup = 47BBD7A517D40E630050814D;
			productRefGroup = 47BBD7AF17D40E630050814D /* Products */;
			projectDirPath = "";
			projectReferences = (
				{
					ProductGroup = 4739BCB618010801004A6500 /* Products */;
					ProjectRef = 4739BCB518010801004A6500 /* RestKit.xcodeproj */;
				},
			);
			projectRoot = "";
			targets = (
				47BBD7AD17D40E630050814D /* Prospeqt_mobile */,
				47BBD7D217D40E630050814D /* Prospeqt_mobileTests */,
				4739BC181800C741004A6500 /* Mogenerator */,
			);
		};
/* End PBXProject section */

/* Begin PBXReferenceProxy section */
		4739BCBD18010802004A6500 /* libRestKit.a */ = {
			isa = PBXReferenceProxy;
			fileType = archive.ar;
			path = libRestKit.a;
			remoteRef = 4739BCBC18010802004A6500 /* PBXContainerItemProxy */;
			sourceTree = BUILT_PRODUCTS_DIR;
		};
		4739BCBF18010802004A6500 /* RestKitTests.octest */ = {
			isa = PBXReferenceProxy;
			fileType = wrapper.cfbundle;
			path = RestKitTests.octest;
			remoteRef = 4739BCBE18010802004A6500 /* PBXContainerItemProxy */;
			sourceTree = BUILT_PRODUCTS_DIR;
		};
		4739BCC118010802004A6500 /* RestKit.framework */ = {
			isa = PBXReferenceProxy;
			fileType = wrapper.framework;
			path = RestKit.framework;
			remoteRef = 4739BCC018010802004A6500 /* PBXContainerItemProxy */;
			sourceTree = BUILT_PRODUCTS_DIR;
		};
		4739BCC318010802004A6500 /* RestKitFrameworkTests.octest */ = {
			isa = PBXReferenceProxy;
			fileType = wrapper.cfbundle;
			path = RestKitFrameworkTests.octest;
			remoteRef = 4739BCC218010802004A6500 /* PBXContainerItemProxy */;
			sourceTree = BUILT_PRODUCTS_DIR;
		};
/* End PBXReferenceProxy section */

/* Begin PBXResourcesBuildPhase section */
		47BBD7AC17D40E630050814D /* Resources */ = {
			isa = PBXResourcesBuildPhase;
			buildActionMask = 2147483647;
			files = (
				4739BC5D1800CD6A004A6500 /* apparel_icon.png in Resources */,
				4739BC7C1800CD6A004A6500 /* Profile_Icon_Inactive@2x.png in Resources */,
				4739BC6B1800CD6A004A6500 /* interestshobbies_icon.png in Resources */,
				4739BC7D1800CD6A004A6500 /* Settings_Icon_active.png in Resources */,
				4739BC781800CD6A004A6500 /* PostAListing_Icon_Inactive@2x.png in Resources */,
				4739BC6A1800CD6A004A6500 /* home_icon@2x.png in Resources */,
				47A5066218095A2800243BE6 /* RedNotificationBubble@2x.png in Resources */,
				4739BC721800CD6A004A6500 /* Listings_Icon_active@2x.png in Resources */,
				4739BC711800CD6A004A6500 /* Listings_Icon_active.png in Resources */,
				4739BC801800CD6A004A6500 /* Settings_Icon_Inactive@2x.png in Resources */,
				4739BC6E1800CD6A004A6500 /* Inbox_Icon_active@2x.png in Resources */,
				4739BC691800CD6A004A6500 /* home_icon.png in Resources */,
				47A5065D18095A1600243BE6 /* RoundedCornerThumbnail_Mask.png in Resources */,
				4739BC751800CD6A004A6500 /* PostAListing_Icon_active.png in Resources */,
				4739BC621800CD6A004A6500 /* books_icon@2x.png in Resources */,
				47A5065B18095A1600243BE6 /* RoundedCornerThumbnail_Border.png in Resources */,
				4739BC651800CD6A004A6500 /* electronics_icon.png in Resources */,
				473D64B5180279B8001B8279 /* CaeciliaLTStd-Light.otf in Resources */,
				4739BC771800CD6A004A6500 /* PostAListing_Icon_Inactive.png in Resources */,
				4739BC5E1800CD6A004A6500 /* apparel_icon@2x.png in Resources */,
				4739BC741800CD6A004A6500 /* Listings_Icon_Inactive@2x.png in Resources */,
				4739BC661800CD6A004A6500 /* electronics_icon@2x.png in Resources */,
				4739BC631800CD6A004A6500 /* Default-568h@2x.png in Resources */,
				4739BC5F1800CD6A004A6500 /* Back_Arrow.png in Resources */,
				4739BC701800CD6A004A6500 /* Inbox_Icon_Inactive@2x.png in Resources */,
				4739BC731800CD6A004A6500 /* Listings_Icon_Inactive.png in Resources */,
				4739BBDF17FFF897004A6500 /* Prospeqt_mobile-Info.plist in Resources */,
				4739BC761800CD6A004A6500 /* PostAListing_Icon_active@2x.png in Resources */,
				4739BC681800CD6A004A6500 /* healthbeauty_icon@2x.png in Resources */,
				47BBD7BE17D40E630050814D /* InfoPlist.strings in Resources */,
				4739BC601800CD6A004A6500 /* Back_Arrow@2x.png in Resources */,
				478786C617E6A35B004CCE04 /* Localizable.strings in Resources */,
				4739BC7B1800CD6A004A6500 /* Profile_Icon_Inactive.png in Resources */,
				4739BC611800CD6A004A6500 /* books_icon.png in Resources */,
				473D64AF180279B0001B8279 /* CaeciliaLTStd-Roman.otf in Resources */,
				473D64B3180279B3001B8279 /* Futura_Extended.otf in Resources */,
				4739BC671800CD6A004A6500 /* healthbeauty_icon.png in Resources */,
				4739BC7F1800CD6A004A6500 /* Settings_Icon_Inactive.png in Resources */,
				47A5065E18095A1600243BE6 /* RoundedCornerThumbnail_Mask@2x.png in Resources */,
				4739BC7E1800CD6A004A6500 /* Settings_Icon_active@2x.png in Resources */,
				4739BC7A1800CD6A004A6500 /* Profile_Icon_active@2x.png in Resources */,
				47A5066B18096F3000243BE6 /* LocationPin@2x.png in Resources */,
				47A5065C18095A1600243BE6 /* RoundedCornerThumbnail_Border@2x.png in Resources */,
				4739BC641800CD6A004A6500 /* Default.png in Resources */,
				47A5066118095A2800243BE6 /* RedNotificationBubble.png in Resources */,
				4739BC6C1800CD6A004A6500 /* interestshobbies_icon@2x.png in Resources */,
				4739BC6F1800CD6A004A6500 /* Inbox_Icon_Inactive.png in Resources */,
				47A5066A18096F3000243BE6 /* LocationPin.png in Resources */,
				4739BC791800CD6A004A6500 /* Profile_Icon_active.png in Resources */,
				4739BC6D1800CD6A004A6500 /* Inbox_Icon_active.png in Resources */,
				473D64B4180279B6001B8279 /* Futura_Light.otf in Resources */,
			);
			runOnlyForDeploymentPostprocessing = 0;
		};
		47BBD7D017D40E630050814D /* Resources */ = {
			isa = PBXResourcesBuildPhase;
			buildActionMask = 2147483647;
			files = (
				47BBD7E017D40E630050814D /* InfoPlist.strings in Resources */,
			);
			runOnlyForDeploymentPostprocessing = 0;
		};
/* End PBXResourcesBuildPhase section */

/* Begin PBXShellScriptBuildPhase section */
		4739BC1C1800C74B004A6500 /* ShellScript */ = {
			isa = PBXShellScriptBuildPhase;
			buildActionMask = 2147483647;
			files = (
			);
			inputPaths = (
			);
			outputPaths = (
			);
			runOnlyForDeploymentPostprocessing = 0;
			shellPath = /bin/sh;
			shellScript = "mogenerator -m Prospeqt_mobile/Prospeqt_mobile.xcdatamodeld -O Prospeqt_mobile/Model/Machine --template-var arc=true";
		};
		47BBD7D117D40E630050814D /* ShellScript */ = {
			isa = PBXShellScriptBuildPhase;
			buildActionMask = 2147483647;
			files = (
			);
			inputPaths = (
			);
			outputPaths = (
			);
			runOnlyForDeploymentPostprocessing = 0;
			shellPath = /bin/sh;
			shellScript = "# Run the unit tests in this test bundle.\n\"${SYSTEM_DEVELOPER_DIR}/Tools/RunUnitTests\"\n";
		};
/* End PBXShellScriptBuildPhase section */

/* Begin PBXSourcesBuildPhase section */
		47BBD7AA17D40E630050814D /* Sources */ = {
			isa = PBXSourcesBuildPhase;
			buildActionMask = 2147483647;
			files = (
				47A50671180A7D3400243BE6 /* UIButton+PMAppearance.m in Sources */,
				4739BC8F1800D853004A6500 /* UIColor+PMAppearance.m in Sources */,
				4739BBCE17FFDE57004A6500 /* PMCategoryCell.m in Sources */,
				47A5066E180A7BE400243BE6 /* PMButton.m in Sources */,
				47BBD7C017D40E630050814D /* main.m in Sources */,
				4739BC911800D853004A6500 /* UIImage+PMColor.m in Sources */,
				478786D617E6B034004CCE04 /* PMTermsOfServiceViewController.m in Sources */,
				4739BBEA18000C21004A6500 /* PMAddPhotoViewController.m in Sources */,
				4739BBC217FFD5B6004A6500 /* PMPostListingViewController.m in Sources */,
				4739BC341800CB50004A6500 /* _PMUser.m in Sources */,
				474C9A6917E575070072012C /* PMMessagesViewController.m in Sources */,
				478786D917E6BD30004CCE04 /* PMAuthNavigationController.m in Sources */,
				4739BBCB17FFDB62004A6500 /* PMTitleCell.m in Sources */,
				478786CD17E6AFF7004CCE04 /* PMSignInViewController.m in Sources */,
				4739BC351800CB50004A6500 /* PMListing.m in Sources */,
				4739BB7017FD444D004A6500 /* PMListingsViewController.m in Sources */,
				478786CA17E6AFBB004CCE04 /* PMAuthViewController.m in Sources */,
				478786D017E6B000004CCE04 /* PMSignUpViewController.m in Sources */,
				4739BBD117FFE1D2004A6500 /* PMCell.m in Sources */,
				47BBD7C417D40E630050814D /* PMAppDelegate.m in Sources */,
				47BBD7CD17D40E630050814D /* Prospeqt_mobile.xcdatamodeld in Sources */,
				473D64AD18021816001B8279 /* PMObjectManager.m in Sources */,
				478786D317E6B02C004CCE04 /* PMForgotPasswordViewController.m in Sources */,
				473D64A418013DA0001B8279 /* NSPersistentStoreCoordinator+PMDataStack.m in Sources */,
				474C9A6C17E5751A0072012C /* PMSettingsViewController.m in Sources */,
				474C9A7217E5762A0072012C /* PMBaseViewController.m in Sources */,
				4739BC331800CB50004A6500 /* _PMListing.m in Sources */,
				4739BB7317FD531D004A6500 /* PMListingCell.m in Sources */,
				47BBD7F117D423440050814D /* PMNetworkController.m in Sources */,
				473D64AA18013F87001B8279 /* NSManagedObjectContext+PMDataStack.m in Sources */,
				4739BC941800D87B004A6500 /* NSManagedObjectModel+PMDataStack.m in Sources */,
				474C9A7817E576DA0072012C /* PMEnvironment.m in Sources */,
				47BBD7F717D424940050814D /* PMAPIEnvironment.m in Sources */,
				47BBD80017E191AE0050814D /* PMWindowController.m in Sources */,
				474C9A6617E574F60072012C /* PMProfileViewController.m in Sources */,
				4739BC901800D853004A6500 /* UIFont+PMAppearance.m in Sources */,
				474C9A7B17E5773B0072012C /* PMAppearance.m in Sources */,
				47A50667180967FA00243BE6 /* PMManageListingViewController.m in Sources */,
				4739BC361800CB50004A6500 /* PMUser.m in Sources */,
			);
			runOnlyForDeploymentPostprocessing = 0;
		};
		47BBD7CE17D40E630050814D /* Sources */ = {
			isa = PBXSourcesBuildPhase;
			buildActionMask = 2147483647;
			files = (
				47BBD7E317D40E630050814D /* Prospeqt_mobileTests.m in Sources */,
			);
			runOnlyForDeploymentPostprocessing = 0;
		};
/* End PBXSourcesBuildPhase section */

/* Begin PBXTargetDependency section */
		4739BCC518010996004A6500 /* PBXTargetDependency */ = {
			isa = PBXTargetDependency;
			name = RestKit;
			targetProxy = 4739BCC418010996004A6500 /* PBXContainerItemProxy */;
		};
		47BBD7DA17D40E630050814D /* PBXTargetDependency */ = {
			isa = PBXTargetDependency;
			target = 47BBD7AD17D40E630050814D /* Prospeqt_mobile */;
			targetProxy = 47BBD7D917D40E630050814D /* PBXContainerItemProxy */;
		};
/* End PBXTargetDependency section */

/* Begin PBXVariantGroup section */
		47BBD7BC17D40E630050814D /* InfoPlist.strings */ = {
			isa = PBXVariantGroup;
			children = (
				47BBD7BD17D40E630050814D /* en */,
			);
			name = InfoPlist.strings;
			sourceTree = "<group>";
		};
		47BBD7DE17D40E630050814D /* InfoPlist.strings */ = {
			isa = PBXVariantGroup;
			children = (
				47BBD7DF17D40E630050814D /* en */,
			);
			name = InfoPlist.strings;
			sourceTree = "<group>";
		};
/* End PBXVariantGroup section */

/* Begin XCBuildConfiguration section */
		4739BC1A1800C741004A6500 /* Debug */ = {
			isa = XCBuildConfiguration;
			buildSettings = {
				PRODUCT_NAME = "$(TARGET_NAME)";
			};
			name = Debug;
		};
		4739BC1B1800C741004A6500 /* Release */ = {
			isa = XCBuildConfiguration;
			buildSettings = {
				PRODUCT_NAME = "$(TARGET_NAME)";
			};
			name = Release;
		};
		47BBD7E417D40E630050814D /* Debug */ = {
			isa = XCBuildConfiguration;
			buildSettings = {
				ALWAYS_SEARCH_USER_PATHS = NO;
				CLANG_CXX_LANGUAGE_STANDARD = "gnu++0x";
				CLANG_CXX_LIBRARY = "libc++";
				CLANG_ENABLE_OBJC_ARC = YES;
				CLANG_WARN_CONSTANT_CONVERSION = YES;
				CLANG_WARN_EMPTY_BODY = YES;
				CLANG_WARN_ENUM_CONVERSION = YES;
				CLANG_WARN_INT_CONVERSION = YES;
				CLANG_WARN__DUPLICATE_METHOD_MATCH = YES;
				"CODE_SIGN_IDENTITY[sdk=iphoneos*]" = "iPhone Developer";
				COPY_PHASE_STRIP = NO;
				GCC_C_LANGUAGE_STANDARD = gnu99;
				GCC_DYNAMIC_NO_PIC = NO;
				GCC_OPTIMIZATION_LEVEL = 0;
				GCC_PREPROCESSOR_DEFINITIONS = (
					"DEBUG=1",
					"$(inherited)",
				);
				GCC_SYMBOLS_PRIVATE_EXTERN = NO;
				GCC_WARN_ABOUT_RETURN_TYPE = YES;
				GCC_WARN_UNINITIALIZED_AUTOS = YES;
				GCC_WARN_UNUSED_VARIABLE = YES;
				HEADER_SEARCH_PATHS = (
					"$(inherited)",
					/Applications/Xcode.app/Contents/Developer/Toolchains/XcodeDefault.xctoolchain/usr/include,
				);
				IPHONEOS_DEPLOYMENT_TARGET = 7.0;
				ONLY_ACTIVE_ARCH = YES;
				OTHER_LDFLAGS = "";
				SDKROOT = iphoneos;
			};
			name = Debug;
		};
		47BBD7E517D40E630050814D /* Release */ = {
			isa = XCBuildConfiguration;
			buildSettings = {
				ALWAYS_SEARCH_USER_PATHS = NO;
				CLANG_CXX_LANGUAGE_STANDARD = "gnu++0x";
				CLANG_CXX_LIBRARY = "libc++";
				CLANG_ENABLE_OBJC_ARC = YES;
				CLANG_WARN_CONSTANT_CONVERSION = YES;
				CLANG_WARN_EMPTY_BODY = YES;
				CLANG_WARN_ENUM_CONVERSION = YES;
				CLANG_WARN_INT_CONVERSION = YES;
				CLANG_WARN__DUPLICATE_METHOD_MATCH = YES;
				"CODE_SIGN_IDENTITY[sdk=iphoneos*]" = "iPhone Developer";
				COPY_PHASE_STRIP = YES;
				GCC_C_LANGUAGE_STANDARD = gnu99;
				GCC_WARN_ABOUT_RETURN_TYPE = YES;
				GCC_WARN_UNINITIALIZED_AUTOS = YES;
				GCC_WARN_UNUSED_VARIABLE = YES;
				HEADER_SEARCH_PATHS = (
					"$(inherited)",
					/Applications/Xcode.app/Contents/Developer/Toolchains/XcodeDefault.xctoolchain/usr/include,
				);
				IPHONEOS_DEPLOYMENT_TARGET = 7.0;
				OTHER_CFLAGS = "-DNS_BLOCK_ASSERTIONS=1";
				OTHER_LDFLAGS = "";
				SDKROOT = iphoneos;
				VALIDATE_PRODUCT = YES;
			};
			name = Release;
		};
		47BBD7E717D40E630050814D /* Debug */ = {
			isa = XCBuildConfiguration;
			buildSettings = {
				CODE_SIGN_IDENTITY = "iPhone Developer";
				"CODE_SIGN_IDENTITY[sdk=iphoneos*]" = "iPhone Developer";
				GCC_PRECOMPILE_PREFIX_HEADER = YES;
				GCC_PREFIX_HEADER = "Prospeqt_mobile/Prospeqt_mobile-Prefix.pch";
				HEADER_SEARCH_PATHS = (
					"$(inherited)",
					/Applications/Xcode.app/Contents/Developer/Toolchains/XcodeDefault.xctoolchain/usr/include,
					"\"$(BUILT_PRODUCTS_DIR)/../../Headers\"",
				);
				INFOPLIST_FILE = "Prospeqt_mobile/Prospeqt_mobile-Info.plist";
				IPHONEOS_DEPLOYMENT_TARGET = 7.0;
				OTHER_LDFLAGS = (
					"-ObjC",
					"-all_load",
				);
				PRODUCT_NAME = "$(TARGET_NAME)";
				PROVISIONING_PROFILE = "";
				TARGETED_DEVICE_FAMILY = 1;
				WRAPPER_EXTENSION = app;
			};
			name = Debug;
		};
		47BBD7E817D40E630050814D /* Release */ = {
			isa = XCBuildConfiguration;
			buildSettings = {
				CODE_SIGN_IDENTITY = "iPhone Developer";
				"CODE_SIGN_IDENTITY[sdk=iphoneos*]" = "iPhone Developer";
				GCC_PRECOMPILE_PREFIX_HEADER = YES;
				GCC_PREFIX_HEADER = "Prospeqt_mobile/Prospeqt_mobile-Prefix.pch";
				HEADER_SEARCH_PATHS = (
					"$(inherited)",
					/Applications/Xcode.app/Contents/Developer/Toolchains/XcodeDefault.xctoolchain/usr/include,
					"\"$(BUILT_PRODUCTS_DIR)/../../Headers\"",
				);
				INFOPLIST_FILE = "Prospeqt_mobile/Prospeqt_mobile-Info.plist";
				IPHONEOS_DEPLOYMENT_TARGET = 7.0;
				OTHER_LDFLAGS = (
					"-ObjC",
					"-all_load",
				);
				PRODUCT_NAME = "$(TARGET_NAME)";
				PROVISIONING_PROFILE = "";
				TARGETED_DEVICE_FAMILY = 1;
				WRAPPER_EXTENSION = app;
			};
			name = Release;
		};
		47BBD7EA17D40E630050814D /* Debug */ = {
			isa = XCBuildConfiguration;
			buildSettings = {
				BUNDLE_LOADER = "$(BUILT_PRODUCTS_DIR)/Prospeqt_mobile.app/Prospeqt_mobile";
				FRAMEWORK_SEARCH_PATHS = (
					"\"$(SDKROOT)/Developer/Library/Frameworks\"",
					"\"$(DEVELOPER_LIBRARY_DIR)/Frameworks\"",
				);
				GCC_PRECOMPILE_PREFIX_HEADER = YES;
				GCC_PREFIX_HEADER = "Prospeqt_mobile/Prospeqt_mobile-Prefix.pch";
				INFOPLIST_FILE = "Prospeqt_mobileTests/Prospeqt_mobileTests-Info.plist";
				PRODUCT_NAME = "$(TARGET_NAME)";
				TEST_HOST = "$(BUNDLE_LOADER)";
				WRAPPER_EXTENSION = octest;
			};
			name = Debug;
		};
		47BBD7EB17D40E630050814D /* Release */ = {
			isa = XCBuildConfiguration;
			buildSettings = {
				BUNDLE_LOADER = "$(BUILT_PRODUCTS_DIR)/Prospeqt_mobile.app/Prospeqt_mobile";
				FRAMEWORK_SEARCH_PATHS = (
					"\"$(SDKROOT)/Developer/Library/Frameworks\"",
					"\"$(DEVELOPER_LIBRARY_DIR)/Frameworks\"",
				);
				GCC_PRECOMPILE_PREFIX_HEADER = YES;
				GCC_PREFIX_HEADER = "Prospeqt_mobile/Prospeqt_mobile-Prefix.pch";
				INFOPLIST_FILE = "Prospeqt_mobileTests/Prospeqt_mobileTests-Info.plist";
				PRODUCT_NAME = "$(TARGET_NAME)";
				TEST_HOST = "$(BUNDLE_LOADER)";
				WRAPPER_EXTENSION = octest;
			};
			name = Release;
		};
/* End XCBuildConfiguration section */

/* Begin XCConfigurationList section */
		4739BC191800C741004A6500 /* Build configuration list for PBXAggregateTarget "Mogenerator" */ = {
			isa = XCConfigurationList;
			buildConfigurations = (
				4739BC1A1800C741004A6500 /* Debug */,
				4739BC1B1800C741004A6500 /* Release */,
			);
			defaultConfigurationIsVisible = 0;
			defaultConfigurationName = Release;
		};
		47BBD7A917D40E630050814D /* Build configuration list for PBXProject "Prospeqt_mobile" */ = {
			isa = XCConfigurationList;
			buildConfigurations = (
				47BBD7E417D40E630050814D /* Debug */,
				47BBD7E517D40E630050814D /* Release */,
			);
			defaultConfigurationIsVisible = 0;
			defaultConfigurationName = Release;
		};
		47BBD7E617D40E630050814D /* Build configuration list for PBXNativeTarget "Prospeqt_mobile" */ = {
			isa = XCConfigurationList;
			buildConfigurations = (
				47BBD7E717D40E630050814D /* Debug */,
				47BBD7E817D40E630050814D /* Release */,
			);
			defaultConfigurationIsVisible = 0;
			defaultConfigurationName = Release;
		};
		47BBD7E917D40E630050814D /* Build configuration list for PBXNativeTarget "Prospeqt_mobileTests" */ = {
			isa = XCConfigurationList;
			buildConfigurations = (
				47BBD7EA17D40E630050814D /* Debug */,
				47BBD7EB17D40E630050814D /* Release */,
			);
			defaultConfigurationIsVisible = 0;
			defaultConfigurationName = Release;
		};
/* End XCConfigurationList section */

/* Begin XCVersionGroup section */
		47BBD7CB17D40E630050814D /* Prospeqt_mobile.xcdatamodeld */ = {
			isa = XCVersionGroup;
			children = (
				4739BC071800BDE7004A6500 /* Prospeqt_mobile 2.xcdatamodel */,
				47BBD7CC17D40E630050814D /* Prospeqt_mobile.xcdatamodel */,
			);
			currentVersion = 47BBD7CC17D40E630050814D /* Prospeqt_mobile.xcdatamodel */;
			path = Prospeqt_mobile.xcdatamodeld;
			sourceTree = "<group>";
			versionGroupType = wrapper.xcdatamodel;
		};
/* End XCVersionGroup section */
	};
	rootObject = 47BBD7A617D40E630050814D /* Project object */;
}
